
Microsoft Visual Studio Solution File, Format Version 12.00
# Visual Studio Version 16
VisualStudioVersion = 25.0.1704.2
MinimumVisualStudioVersion = 10.0.40219.1
Project("{FAE04EC0-301F-11D3-BF4B-00C04F79EFBC}") = "Lection1Program1", "Lection1Program1\Lection1Program1.csproj", "{4202C0C5-BFAE-4703-948B-15A33E5B24B4}"
EndProject
Project("{FAE04EC0-301F-11D3-BF4B-00C04F79EFBC}") = "Lection1Program2", "Lection1Program2\Lection1Program2.csproj", "{9A0484E1-F87D-4043-83F6-B902FAD0519B}"
EndProject
Project("{FAE04EC0-301F-11D3-BF4B-00C04F79EFBC}") = "Lection2Program1", "Lection2Program1\Lection2Program1.csproj", "{4F834BC0-5B0B-4CBD-BA73-C423F225E7C3}"
EndProject
Project("{FAE04EC0-301F-11D3-BF4B-00C04F79EFBC}") = "Lection2Program2", "Lection2Program2\Lection2Program2.csproj", "{529DD616-1ED4-4972-9A29-11E0FF9E821D}"
EndProject
Project("{FAE04EC0-301F-11D3-BF4B-00C04F79EFBC}") = "Lection3Program1", "Lection3Program1\Lection3Program1.csproj", "{A4D075D9-134B-431E-9FAC-57377BB09715}"
EndProject
Project("{FAE04EC0-301F-11D3-BF4B-00C04F79EFBC}") = "Lection3Program2", "Lection3Program2\Lection3Program2.csproj", "{5F21CA32-FDA1-499F-A111-DC1D3C7FBE93}"
EndProject
Project("{FAE04EC0-301F-11D3-BF4B-00C04F79EFBC}") = "Lection3Program3", "Lection3Program3\Lection3Program3.csproj", "{39FD70BB-FE6D-4CDF-A897-E20B718D7487}"
EndProject
Project("{FAE04EC0-301F-11D3-BF4B-00C04F79EFBC}") = "Lection3Program4", "Lection3Program4\Lection3Program4.csproj", "{7E2472E2-AA38-45A4-B8A1-CB8492DAB84C}"
EndProject
Project("{FAE04EC0-301F-11D3-BF4B-00C04F79EFBC}") = "Lection3Program5", "Lection3Program5\Lection3Program5.csproj", "{6E66560C-3C1B-4FAD-9329-A77E018A106E}"
EndProject
Project("{FAE04EC0-301F-11D3-BF4B-00C04F79EFBC}") = "Lection3Program6", "Lection3Program6\Lection3Program6.csproj", "{6EDC2887-D9F1-4025-BDE1-6719E2DC290A}"
EndProject
Project("{FAE04EC0-301F-11D3-BF4B-00C04F79EFBC}") = "Lection5Program1", "Lection5Program1\Lection5Program1.csproj", "{12F49FC0-36A6-41C1-B0A5-9F8E7761F3AB}"
EndProject
Project("{FAE04EC0-301F-11D3-BF4B-00C04F79EFBC}") = "Lection5Program2", "Lection5Program2\Lection5Program2.csproj", "{E6BF4479-5F74-418B-8183-4633F2238AE0}"
EndProject
Project("{FAE04EC0-301F-11D3-BF4B-00C04F79EFBC}") = "Lection5Program3", "Lection5Program3\Lection5Program3.csproj", "{B468DE4D-0AFF-4127-B462-FB914313CD1A}"
EndProject
Project("{FAE04EC0-301F-11D3-BF4B-00C04F79EFBC}") = "Lection5Program4", "Lection5Program4\Lection5Program4.csproj", "{BA8E1016-2440-4842-8F54-04A7C7320250}"
EndProject
Project("{FAE04EC0-301F-11D3-BF4B-00C04F79EFBC}") = "Lection5Program5", "Lection5Program5\Lection5Program5.csproj", "{CEB67499-5032-4872-ABC5-DB04EFAC5DB9}"
EndProject
Project("{FAE04EC0-301F-11D3-BF4B-00C04F79EFBC}") = "Lection6Program1", "Lection6Program1\Lection6Program1.csproj", "{AC7002E8-1566-45BC-BB81-0F3C328D907E}"
EndProject
Project("{FAE04EC0-301F-11D3-BF4B-00C04F79EFBC}") = "Lection7Program1", "Lection7Program1\Lection7Program1.csproj", "{75666AB2-EFA5-4D2A-B79C-540614C5286D}"
EndProject
Project("{FAE04EC0-301F-11D3-BF4B-00C04F79EFBC}") = "Lection8Program1", "Lection8Program1\Lection8Program1.csproj", "{D28EDD9E-168F-4B17-80CA-49CD86171524}"
EndProject
Project("{FAE04EC0-301F-11D3-BF4B-00C04F79EFBC}") = "Lection9Program1", "Lection9Program1\Lection9Program1.csproj", "{62982878-7D85-4332-95E8-2EE074248885}"
EndProject
Project("{FAE04EC0-301F-11D3-BF4B-00C04F79EFBC}") = "Lection9Program2", "Lection9Program2\Lection9Program2.csproj", "{706BF189-5AA3-4808-B9EB-A32969812AD3}"
EndProject
Project("{FAE04EC0-301F-11D3-BF4B-00C04F79EFBC}") = "Lection11Program1", "Lection11Program1\Lection11Program1.csproj", "{B64E59AC-9C82-486B-B778-341505759448}"
EndProject
Project("{FAE04EC0-301F-11D3-BF4B-00C04F79EFBC}") = "Lection11Program2", "Lection11Program2\Lection11Program2.csproj", "{42B5DE09-6776-4AC8-BE54-322C1C118E32}"
EndProject
Project("{FAE04EC0-301F-11D3-BF4B-00C04F79EFBC}") = "Lection11Program3", "Lection11Program3\Lection11Program3.csproj", "{2D24E6A9-72BA-4524-8EB2-E20F84475548}"
EndProject
Project("{FAE04EC0-301F-11D3-BF4B-00C04F79EFBC}") = "Lection11Program4", "Lection11Program4\Lection11Program4.csproj", "{E97862C0-F1A7-4DB4-BCAA-1B9EB873A175}"
EndProject
Project("{FAE04EC0-301F-11D3-BF4B-00C04F79EFBC}") = "Lection11Program5", "Lection11Program5\Lection11Program5.csproj", "{E72E7557-DD0B-4A49-A17C-04A8205E13AA}"
EndProject
Project("{FAE04EC0-301F-11D3-BF4B-00C04F79EFBC}") = "Lection11Program6", "Lection11Program6\Lection11Program6.csproj", "{E808E14D-E878-4047-A0D7-A4F5A1C945C0}"
EndProject
Project("{FAE04EC0-301F-11D3-BF4B-00C04F79EFBC}") = "Lection11Program7", "Lection11Program7\Lection11Program7.csproj", "{9B6EBE84-1E22-4011-AE1C-8FBE4B6D7F7A}"
EndProject
Project("{FAE04EC0-301F-11D3-BF4B-00C04F79EFBC}") = "Lection11Program8", "Lection11Program8\Lection11Program8.csproj", "{ACBD33F5-1EC6-4123-86D9-CF5470AB47F7}"
EndProject
Project("{FAE04EC0-301F-11D3-BF4B-00C04F79EFBC}") = "Lection11Program9", "Lection11Program9\Lection11Program9.csproj", "{52ADE701-2197-43D7-BAEC-1928CE6E72F8}"
EndProject
Project("{FAE04EC0-301F-11D3-BF4B-00C04F79EFBC}") = "Lection12Program1", "Lection12Program1\Lection12Program1.csproj", "{769882B1-2FD7-4E7A-A64E-2CF9D0636C0E}"
EndProject
Project("{FAE04EC0-301F-11D3-BF4B-00C04F79EFBC}") = "Lection12Program2", "Lection12Program2\Lection12Program2.csproj", "{FF71AA23-03A9-46EA-8C20-46CBF1504F6B}"
EndProject
Project("{FAE04EC0-301F-11D3-BF4B-00C04F79EFBC}") = "Lection12Program3", "Lection12Program3\Lection12Program3.csproj", "{E0E88809-2C1C-4CDB-B7AE-7F414ABBAB6A}"
EndProject
Project("{FAE04EC0-301F-11D3-BF4B-00C04F79EFBC}") = "Lection12Program4", "Lection12Program4\Lection12Program4.csproj", "{FCB844D5-8D4D-4116-8D25-91AC9CA47C1C}"
EndProject
Project("{FAE04EC0-301F-11D3-BF4B-00C04F79EFBC}") = "Lection12Program5", "Lection12Program5\Lection12Program5.csproj", "{CFB33B3B-6428-4026-AE5B-20C1A23FFDE5}"
EndProject
Project("{FAE04EC0-301F-11D3-BF4B-00C04F79EFBC}") = "Lection12Program6", "Lection12Program6\Lection12Program6.csproj", "{0D3DEA2D-8CD9-4767-9B59-25188092EB9E}"
EndProject
Project("{FAE04EC0-301F-11D3-BF4B-00C04F79EFBC}") = "Lection12Program7", "Lection12Program7\Lection12Program7.csproj", "{28254A9E-8789-4637-B044-CF3E2F4B0E58}"
EndProject
Project("{FAE04EC0-301F-11D3-BF4B-00C04F79EFBC}") = "Lection12Program8", "Lection12Program8\Lection12Program8.csproj", "{DB73AA22-854E-4446-99AD-B0801612F892}"
EndProject
Project("{FAE04EC0-301F-11D3-BF4B-00C04F79EFBC}") = "Lection13Program1", "Lection13Program1\Lection13Program1.csproj", "{78BF3F15-47E5-4844-8D14-DAA65F038311}"
EndProject
Project("{FAE04EC0-301F-11D3-BF4B-00C04F79EFBC}") = "Lection13Program2", "Lection13Program2\Lection13Program2.csproj", "{113D74A2-0754-4E24-B512-35DCF668B9B1}"
EndProject
Project("{FAE04EC0-301F-11D3-BF4B-00C04F79EFBC}") = "Lection13Program3", "Lection13Program3\Lection13Program3.csproj", "{997669CF-F210-4EAE-82E0-739E4F9F9D0D}"
EndProject
Project("{FAE04EC0-301F-11D3-BF4B-00C04F79EFBC}") = "Lection13Program4", "Lection13Program4\Lection13Program4.csproj", "{6B84B180-EB4C-4A76-848B-F7A0AF0138B9}"
EndProject
Project("{FAE04EC0-301F-11D3-BF4B-00C04F79EFBC}") = "Lection13Program5", "Lection13Program5\Lection13Program5.csproj", "{CB7A16BC-91FB-4865-AA92-74A51006002E}"
EndProject
Project("{FAE04EC0-301F-11D3-BF4B-00C04F79EFBC}") = "Lection13Program6", "Lection13Program6\Lection13Program6.csproj", "{C343A3D2-EE12-46BC-B7D5-5BB833A4A13A}"
EndProject
Project("{FAE04EC0-301F-11D3-BF4B-00C04F79EFBC}") = "Lection13Program7", "Lection13Program7\Lection13Program7.csproj", "{834ED4B7-90DD-4283-899D-C1526F2DA6F4}"
EndProject
Project("{FAE04EC0-301F-11D3-BF4B-00C04F79EFBC}") = "Lection13Program8", "Lection13Program8\Lection13Program8.csproj", "{48C3692B-AF77-4DA4-A267-6DF550A3E9EC}"
EndProject
Project("{FAE04EC0-301F-11D3-BF4B-00C04F79EFBC}") = "Lection13Program9", "Lection13Program9\Lection13Program9.csproj", "{F8EF5C03-9F6C-41A7-8AB1-F78720CCFFE8}"
EndProject
Project("{FAE04EC0-301F-11D3-BF4B-00C04F79EFBC}") = "Lection13Program10", "Lection13Program10\Lection13Program10.csproj", "{2326945B-5B94-428F-A2B8-F565B7B6713A}"
EndProject
Project("{FAE04EC0-301F-11D3-BF4B-00C04F79EFBC}") = "Lection13Program11", "Lection13Program11\Lection13Program11.csproj", "{8FE679FF-19C0-4AAC-81E9-941FC57099F0}"
EndProject
Project("{FAE04EC0-301F-11D3-BF4B-00C04F79EFBC}") = "Lection13Program12", "Lection13Program12\Lection13Program12.csproj", "{F2852D31-E9FC-4F95-A209-0A9A13B1B9D4}"
EndProject
Project("{FAE04EC0-301F-11D3-BF4B-00C04F79EFBC}") = "Lection13Program13", "Lection13Program13\Lection13Program13.csproj", "{437C367B-68A0-4C99-BE36-2F5A186F58D2}"
EndProject
Project("{FAE04EC0-301F-11D3-BF4B-00C04F79EFBC}") = "Lection14Program1", "Lection14Program1\Lection14Program1.csproj", "{3E6FE83A-26BB-41D7-A3DA-F06793F4592B}"
EndProject
Project("{FAE04EC0-301F-11D3-BF4B-00C04F79EFBC}") = "Lection14Program2", "Lection14Program2\Lection14Program2.csproj", "{B8001D6B-4F4B-431C-AEAC-9BAE4F57E96A}"
EndProject
Project("{FAE04EC0-301F-11D3-BF4B-00C04F79EFBC}") = "Lection14Program3", "Lection14Program3\Lection14Program3.csproj", "{C42051B1-AA0C-440D-954F-5232BF5BACE7}"
EndProject
Project("{FAE04EC0-301F-11D3-BF4B-00C04F79EFBC}") = "Lection14Program4", "Lection14Program4\Lection14Program4.csproj", "{6BFDA833-669F-408F-9072-AA0C0A213C6B}"
EndProject
Project("{FAE04EC0-301F-11D3-BF4B-00C04F79EFBC}") = "Lection14Program5", "Lection14Program5\Lection14Program5.csproj", "{6F552B7D-0F29-4587-A36D-69740B5745F9}"
EndProject
Project("{FAE04EC0-301F-11D3-BF4B-00C04F79EFBC}") = "Lection14Program6", "Lection14Program6\Lection14Program6.csproj", "{8DADB5B3-BC59-4B1A-A614-43571722B310}"
EndProject
Project("{FAE04EC0-301F-11D3-BF4B-00C04F79EFBC}") = "LectionProgram7", "LectionProgram7\LectionProgram7.csproj", "{1B104935-CD60-4A93-8F60-DEFDFA269EFA}"
EndProject
Project("{FAE04EC0-301F-11D3-BF4B-00C04F79EFBC}") = "Lection14Program7", "Lection14Program7\Lection14Program7.csproj", "{7144DD68-191F-44DA-A0DC-181D49B6CB5D}"
EndProject
Project("{FAE04EC0-301F-11D3-BF4B-00C04F79EFBC}") = "Lection14Program8", "Lection14Program8\Lection14Program8.csproj", "{D11438B9-AEAA-49D6-9A76-B5FE3DD4C5D2}"
EndProject
Project("{FAE04EC0-301F-11D3-BF4B-00C04F79EFBC}") = "Lection14Program9", "Lection14Program9\Lection14Program9.csproj", "{DCFEB5E3-9EC1-4681-AD38-BAB0894749CF}"
EndProject
Project("{FAE04EC0-301F-11D3-BF4B-00C04F79EFBC}") = "Lection14Program10", "Lection14Program10\Lection14Program10.csproj", "{A86605BF-15FE-4AFE-B7E8-B781CFC98E62}"
EndProject
Project("{FAE04EC0-301F-11D3-BF4B-00C04F79EFBC}") = "Lection14Program11", "Lection14Program11\Lection14Program11.csproj", "{319054B5-0C2F-449A-AB5B-371BBBEFF36F}"
EndProject
Project("{FAE04EC0-301F-11D3-BF4B-00C04F79EFBC}") = "Lection14Program12", "Lection14Program12\Lection14Program12.csproj", "{AD26E79E-0010-4E8E-9844-7BBC2857BAF4}"
EndProject
Project("{FAE04EC0-301F-11D3-BF4B-00C04F79EFBC}") = "Lection14Program13", "Lection14Program13\Lection14Program13.csproj", "{01DC62D4-B17D-4D6B-B02E-664748891B41}"
EndProject
Project("{FAE04EC0-301F-11D3-BF4B-00C04F79EFBC}") = "Lection14Program14", "Lection14Program14\Lection14Program14.csproj", "{0B3EEB2F-F312-4BC6-8D9C-C60C3C29242A}"
EndProject
Project("{FAE04EC0-301F-11D3-BF4B-00C04F79EFBC}") = "Lection14Program15", "Lection14Program15\Lection14Program15.csproj", "{385CB748-6641-4F35-B1A6-D6D3F22AA04C}"
EndProject
Project("{FAE04EC0-301F-11D3-BF4B-00C04F79EFBC}") = "Lection14Program16", "Lection14Program16\Lection14Program16.csproj", "{6F1CD59E-127A-4CC8-831C-FAC76934ACA0}"
EndProject
Project("{FAE04EC0-301F-11D3-BF4B-00C04F79EFBC}") = "Lection14Program17", "Lection14Program17\Lection14Program17.csproj", "{EE2BECE6-744C-46EB-88B8-8175F5D234EE}"
EndProject
Project("{FAE04EC0-301F-11D3-BF4B-00C04F79EFBC}") = "Lection14Program18", "Lection14Program18\Lection14Program18.csproj", "{43F66ED0-BDC5-40A6-A03C-85425221A9F6}"
EndProject
Project("{FAE04EC0-301F-11D3-BF4B-00C04F79EFBC}") = "Lection14Program19", "Lection14Program19\Lection14Program19.csproj", "{26481C45-EF40-4C86-A191-C18EC15AB573}"
EndProject
Project("{FAE04EC0-301F-11D3-BF4B-00C04F79EFBC}") = "Lection14Program20", "Lection14Program20\Lection14Program20.csproj", "{CCF8CDBD-3B55-41D6-8AB6-795961EF7B3D}"
EndProject
Project("{FAE04EC0-301F-11D3-BF4B-00C04F79EFBC}") = "Lection14Program21", "Lection14Program21\Lection14Program21.csproj", "{7CFAB310-2C83-4520-A240-DAB3A72E7C1D}"
EndProject
Project("{2150E333-8FDC-42A3-9474-1A3956D46DE8}") = "11", "11", "{318241F8-B007-4029-9C4B-6EBF05E4090D}"
EndProject
Project("{2150E333-8FDC-42A3-9474-1A3956D46DE8}") = "12", "12", "{54F1F058-1250-45D4-8210-C212AA53CAF3}"
EndProject
Project("{2150E333-8FDC-42A3-9474-1A3956D46DE8}") = "13", "13", "{F5C63E3D-D1B5-4E29-8664-39F15D263125}"
EndProject
Project("{2150E333-8FDC-42A3-9474-1A3956D46DE8}") = "14", "14", "{127CC3E1-29DE-4033-BA2F-4FAFBA54B100}"
EndProject
Project("{2150E333-8FDC-42A3-9474-1A3956D46DE8}") = "1", "1", "{9A4DAF7F-7CFD-457B-A91F-DDE4B1996763}"
EndProject
Project("{2150E333-8FDC-42A3-9474-1A3956D46DE8}") = "2", "2", "{D92DC171-5DA3-4BAD-8AD7-2F4D9359DB5F}"
EndProject
Project("{2150E333-8FDC-42A3-9474-1A3956D46DE8}") = "3", "3", "{80F5D47B-DEED-4589-B55D-54BCD9417D02}"
EndProject
Project("{2150E333-8FDC-42A3-9474-1A3956D46DE8}") = "5", "5", "{0D146723-BF84-447D-AC91-665F89F13828}"
EndProject
Project("{2150E333-8FDC-42A3-9474-1A3956D46DE8}") = "6", "6", "{47262BD2-3CB8-4B37-8CAB-794181CBE55D}"
EndProject
Project("{2150E333-8FDC-42A3-9474-1A3956D46DE8}") = "7", "7", "{EA99AE79-90B5-4EDF-A292-EE70194671E6}"
EndProject
Project("{2150E333-8FDC-42A3-9474-1A3956D46DE8}") = "8", "8", "{1DF70CD3-976E-4A8D-89D7-94714A927C16}"
EndProject
Project("{2150E333-8FDC-42A3-9474-1A3956D46DE8}") = "9", "9", "{7A1E58A3-D67D-409C-8103-CC36FD9393BB}"
EndProject
Project("{2150E333-8FDC-42A3-9474-1A3956D46DE8}") = "15", "15", "{8DA7C898-20E3-4284-9317-164A0106F98F}"
EndProject
Project("{FAE04EC0-301F-11D3-BF4B-00C04F79EFBC}") = "Lection15Program1", "Lection15Program1\Lection15Program1.csproj", "{C36EB00D-DBFE-4FBA-9618-CF9117E806C5}"
EndProject
Project("{2150E333-8FDC-42A3-9474-1A3956D46DE8}") = "16", "16", "{CF315382-534A-4E44-B51B-37E785C00BC6}"
EndProject
Project("{FAE04EC0-301F-11D3-BF4B-00C04F79EFBC}") = "Lection16Program1", "Lection16Program1\Lection16Program1.csproj", "{97917C40-A8AC-4376-A499-C1EABF76B116}"
EndProject
Project("{FAE04EC0-301F-11D3-BF4B-00C04F79EFBC}") = "Lection16Program1Tests", "Lection16Program1Tests\Lection16Program1Tests.csproj", "{7F7D04F7-4E38-491E-918D-63E23C8EB896}"
EndProject
Project("{FAE04EC0-301F-11D3-BF4B-00C04F79EFBC}") = "Lection15Program2", "Lection15Program2\Lection15Program2.csproj", "{46604B8D-3BDA-4C48-BF87-373BBB27A832}"
EndProject
Project("{FAE04EC0-301F-11D3-BF4B-00C04F79EFBC}") = "Lection15Program3", "Lection15Program3\Lection15Program3.csproj", "{88598125-5CBF-463C-896F-4A91AC907D12}"
EndProject
Project("{FAE04EC0-301F-11D3-BF4B-00C04F79EFBC}") = "Lection15Program4", "Lection15Program4\Lection15Program4.csproj", "{B8255CB1-8AFE-4E43-B079-20C08EC5B58C}"
EndProject
Project("{FAE04EC0-301F-11D3-BF4B-00C04F79EFBC}") = "Lection15Program5", "Lection15Program5\Lection15Program5.csproj", "{AB30330E-169A-42EC-BB9D-09852B640E59}"
EndProject
Project("{FAE04EC0-301F-11D3-BF4B-00C04F79EFBC}") = "Lection15Program6", "Lection15Program6\Lection15Program6.csproj", "{3B7E671E-94E4-4CAB-9800-C767526296C7}"
EndProject
Project("{FAE04EC0-301F-11D3-BF4B-00C04F79EFBC}") = "Lection16Program2", "Lection16Program2\Lection16Program2.csproj", "{5F6B8C40-CB59-4525-A4CB-00031730FD64}"
EndProject
Project("{FAE04EC0-301F-11D3-BF4B-00C04F79EFBC}") = "Lection16Program2Tests", "Lection16Program2Tests\Lection16Program2Tests.csproj", "{4F85DC8D-5FC4-4C19-9BC9-EFF156CB10AC}"
EndProject
Project("{FAE04EC0-301F-11D3-BF4B-00C04F79EFBC}") = "Lection16Program3Tests", "Lection16Program3Tests\Lection16Program3Tests.csproj", "{39046D23-D6AD-4B59-844D-90E09AF6F405}"
EndProject
Project("{2150E333-8FDC-42A3-9474-1A3956D46DE8}") = "17", "17", "{47EACAF8-2765-4AB3-AF1F-29C7FC05DA7F}"
EndProject
Project("{FAE04EC0-301F-11D3-BF4B-00C04F79EFBC}") = "Lection17Library1", "Lection11Library1\Lection17Library1.csproj", "{7E99A33E-DFBF-4CD7-8D5D-E7865BB26DC9}"
EndProject
Project("{FAE04EC0-301F-11D3-BF4B-00C04F79EFBC}") = "Lection17Program1", "Lection17Program1\Lection17Program1.csproj", "{8771E2DD-1482-46C9-9ECF-57D36F12D638}"
EndProject
Project("{FAE04EC0-301F-11D3-BF4B-00C04F79EFBC}") = "Lection17Interface1", "Lection17Interface1\Lection17Interface1.csproj", "{B5F34CB5-844B-428F-A6FF-014E860C1242}"
EndProject
Project("{FAE04EC0-301F-11D3-BF4B-00C04F79EFBC}") = "Lection17Library2", "Lection17Library2\Lection17Library2.csproj", "{F0755254-5D20-4F55-AFF2-CB3C3E57B898}"
EndProject
Project("{FAE04EC0-301F-11D3-BF4B-00C04F79EFBC}") = "Lection17Program2", "Lection17Program2\Lection17Program2.csproj", "{8D222281-5ECE-4E2C-9F46-3201B636162F}"
EndProject
Project("{FAE04EC0-301F-11D3-BF4B-00C04F79EFBC}") = "Lection17Program3", "Lection17Program3\Lection17Program3.csproj", "{7DECEA80-0C5F-4E3E-9591-8BC786EF2DA6}"
EndProject
Project("{FAE04EC0-301F-11D3-BF4B-00C04F79EFBC}") = "Lection17Library3", "Lection17Library3\Lection17Library3.csproj", "{D5B39415-D924-4FBB-B1BF-7AE2FE2E76A9}"
EndProject
Project("{FAE04EC0-301F-11D3-BF4B-00C04F79EFBC}") = "Lection17Interface2", "Lection11Interface2\Lection17Interface2.csproj", "{B7F15BD7-F89C-4E37-B7D7-2B58EA28D985}"
EndProject
Project("{FAE04EC0-301F-11D3-BF4B-00C04F79EFBC}") = "Lection17Program4", "Lection17Program4\Lection17Program4.csproj", "{65448B1A-31A9-4D41-B557-10891AA16C49}"
EndProject
Project("{FAE04EC0-301F-11D3-BF4B-00C04F79EFBC}") = "Lection17Library4", "Lection17Library4\Lection17Library4.csproj", "{530EA4AC-DE08-42BA-9A14-86888019649A}"
EndProject
Project("{FAE04EC0-301F-11D3-BF4B-00C04F79EFBC}") = "Lection17Program5", "Lection17Program5\Lection17Program5.csproj", "{0DCB69EE-4FD1-4086-B868-E041E9BADF6F}"
EndProject
Project("{FAE04EC0-301F-11D3-BF4B-00C04F79EFBC}") = "Lection17Library5", "Lection17Library5\Lection17Library5.csproj", "{115FE4FE-3069-4624-880D-9AF605E79F9B}"
EndProject
Project("{FAE04EC0-301F-11D3-BF4B-00C04F79EFBC}") = "Lection17Program6", "Lection17Program6\Lection17Program6.csproj", "{9B1AA9B3-C1BF-4636-B2B8-682EFA1B5409}"
EndProject
Project("{FAE04EC0-301F-11D3-BF4B-00C04F79EFBC}") = "Lection17Program7", "Lection17Program7\Lection17Program7.csproj", "{9362B37A-FAF7-4BA5-8A0B-A02408943FED}"
EndProject
Project("{FAE04EC0-301F-11D3-BF4B-00C04F79EFBC}") = "Lection17Program8", "Lection17Program8\Lection17Program8.csproj", "{6DB4F81C-5916-45EF-921D-00EB10CD0447}"
EndProject
Project("{FAE04EC0-301F-11D3-BF4B-00C04F79EFBC}") = "Lection17Program9", "Lection17Program9\Lection17Program9.csproj", "{7763D74C-06D0-413C-9F16-3A0EAC3DDB50}"
EndProject
Project("{2150E333-8FDC-42A3-9474-1A3956D46DE8}") = "18", "18", "{26CC492B-74E8-4E24-9B4F-C6D82C4B47A8}"
EndProject
Project("{FAE04EC0-301F-11D3-BF4B-00C04F79EFBC}") = "Lection18Program1", "Lection18Program1\Lection18Program1.csproj", "{3A116DB7-92FF-40D0-8205-5DE492857A7B}"
EndProject
Project("{FAE04EC0-301F-11D3-BF4B-00C04F79EFBC}") = "Lection18Program2", "Lection18Program2\Lection18Program2.csproj", "{807DF52C-2D53-444A-B773-5A3A1AC5D779}"
EndProject
Project("{FAE04EC0-301F-11D3-BF4B-00C04F79EFBC}") = "Practice18Db", "Practice18Db\Practice18Db.csproj", "{38C0D969-A6E0-4ACB-BECE-3C5A2FC82710}"
EndProject
Project("{FAE04EC0-301F-11D3-BF4B-00C04F79EFBC}") = "Practice18Api", "Practice18Api\Practice18Api.csproj", "{CDA2E847-A99F-4233-8A7C-DB55174931C6}"
EndProject
Project("{2150E333-8FDC-42A3-9474-1A3956D46DE8}") = "19", "19", "{85BA7A5C-AAD5-4066-8063-3559BE57B947}"
EndProject
Project("{FAE04EC0-301F-11D3-BF4B-00C04F79EFBC}") = "Lection19Program1", "Lection19Program1\Lection19Program1.csproj", "{ABCF037C-E8FC-4456-86C3-E6D35DA7885D}"
EndProject
Project("{FAE04EC0-301F-11D3-BF4B-00C04F79EFBC}") = "Lection19Program0", "Lection19Program0\Lection19Program0.csproj", "{929B237F-FAEC-45C6-A23A-BAD32F28D208}"
EndProject
Project("{FAE04EC0-301F-11D3-BF4B-00C04F79EFBC}") = "Lection19Program2", "Lection19Program2\Lection19Program2.csproj", "{EBF8FBF5-4D03-4984-8CCC-920E7371A213}"
EndProject
Project("{FAE04EC0-301F-11D3-BF4B-00C04F79EFBC}") = "Practice19Api", "Practice19Api\Practice19Api.csproj", "{007FB6CB-1E6C-40F6-A7EA-63085994617F}"
EndProject
Project("{2150E333-8FDC-42A3-9474-1A3956D46DE8}") = "20", "20", "{681BEA02-941D-4A98-AAC6-661090F00A1A}"
EndProject
Project("{FAE04EC0-301F-11D3-BF4B-00C04F79EFBC}") = "Lection20Program1", "Lection20Program1\Lection20Program1.csproj", "{A5C328DE-D5D8-4FAC-965B-33EF9B267320}"
EndProject
Project("{FAE04EC0-301F-11D3-BF4B-00C04F79EFBC}") = "Lection20Program2", "Lection20Program2\Lection20Program2.csproj", "{AB7A8CAD-3ABC-4552-9EC7-DB4DCF8DEF68}"
EndProject
Project("{FAE04EC0-301F-11D3-BF4B-00C04F79EFBC}") = "Lection20Program3", "Lection20Program3\Lection20Program3.csproj", "{80DAD531-C4B3-408F-A877-6AAECB357AED}"
EndProject
Project("{FAE04EC0-301F-11D3-BF4B-00C04F79EFBC}") = "Lection20Program4", "Lection20Program4\Lection20Program4.csproj", "{3AD01247-0A43-4527-997A-BF85A2078D15}"
EndProject
Project("{FAE04EC0-301F-11D3-BF4B-00C04F79EFBC}") = "LectionProgram5", "LectionProgram5\LectionProgram5.csproj", "{714D87CA-5E9F-45D7-9ABB-05CB536B5DAC}"
EndProject
Project("{FAE04EC0-301F-11D3-BF4B-00C04F79EFBC}") = "Practice20GrapQL", "Practice20\Practice20GrapQL.csproj", "{8F6FCAFF-4F0A-48B3-96EA-62987D831515}"
EndProject
Project("{2150E333-8FDC-42A3-9474-1A3956D46DE8}") = "21", "21", "{F4F2916A-2A5F-4854-806C-EC14E59FCF4C}"
EndProject
Project("{FAE04EC0-301F-11D3-BF4B-00C04F79EFBC}") = "Lection21Program1", "Lection21Program1\Lection21Program1.csproj", "{436B9E29-FF0C-492B-870E-A42D1336A008}"
EndProject
Project("{FAE04EC0-301F-11D3-BF4B-00C04F79EFBC}") = "Lection21Program", "Lection21Program\Lection21Program.csproj", "{A2E48607-C248-4348-97D8-18070769311C}"
EndProject
Project("{FAE04EC0-301F-11D3-BF4B-00C04F79EFBC}") = "lection21program2", "Lection21Program2\Lection21Program2.csproj", "{26AD7183-40F3-4CA1-A41B-9B2C9B2A278E}"
EndProject
Project("{FAE04EC0-301F-11D3-BF4B-00C04F79EFBC}") = "Lection21Practice1", "Lection21Practice1\Lection21Practice1.csproj", "{79C06394-3FE6-4A57-9E41-CB724662BE7C}"
EndProject
Project("{FAE04EC0-301F-11D3-BF4B-00C04F79EFBC}") = "Lection21Practice2", "Lection21Practice2\Lection21Practice2.csproj", "{D580249F-6A44-4539-A2A4-BB32F21B6230}"
EndProject
Global
	GlobalSection(SolutionConfigurationPlatforms) = preSolution
		Debug|Any CPU = Debug|Any CPU
		Release|Any CPU = Release|Any CPU
	EndGlobalSection
	GlobalSection(ProjectConfigurationPlatforms) = postSolution
		{4202C0C5-BFAE-4703-948B-15A33E5B24B4}.Debug|Any CPU.ActiveCfg = Debug|Any CPU
		{4202C0C5-BFAE-4703-948B-15A33E5B24B4}.Debug|Any CPU.Build.0 = Debug|Any CPU
		{4202C0C5-BFAE-4703-948B-15A33E5B24B4}.Release|Any CPU.ActiveCfg = Release|Any CPU
		{4202C0C5-BFAE-4703-948B-15A33E5B24B4}.Release|Any CPU.Build.0 = Release|Any CPU
		{9A0484E1-F87D-4043-83F6-B902FAD0519B}.Debug|Any CPU.ActiveCfg = Debug|Any CPU
		{9A0484E1-F87D-4043-83F6-B902FAD0519B}.Debug|Any CPU.Build.0 = Debug|Any CPU
		{9A0484E1-F87D-4043-83F6-B902FAD0519B}.Release|Any CPU.ActiveCfg = Release|Any CPU
		{9A0484E1-F87D-4043-83F6-B902FAD0519B}.Release|Any CPU.Build.0 = Release|Any CPU
		{4F834BC0-5B0B-4CBD-BA73-C423F225E7C3}.Debug|Any CPU.ActiveCfg = Debug|Any CPU
		{4F834BC0-5B0B-4CBD-BA73-C423F225E7C3}.Debug|Any CPU.Build.0 = Debug|Any CPU
		{4F834BC0-5B0B-4CBD-BA73-C423F225E7C3}.Release|Any CPU.ActiveCfg = Release|Any CPU
		{4F834BC0-5B0B-4CBD-BA73-C423F225E7C3}.Release|Any CPU.Build.0 = Release|Any CPU
		{529DD616-1ED4-4972-9A29-11E0FF9E821D}.Debug|Any CPU.ActiveCfg = Debug|Any CPU
		{529DD616-1ED4-4972-9A29-11E0FF9E821D}.Debug|Any CPU.Build.0 = Debug|Any CPU
		{529DD616-1ED4-4972-9A29-11E0FF9E821D}.Release|Any CPU.ActiveCfg = Release|Any CPU
		{529DD616-1ED4-4972-9A29-11E0FF9E821D}.Release|Any CPU.Build.0 = Release|Any CPU
		{A4D075D9-134B-431E-9FAC-57377BB09715}.Debug|Any CPU.ActiveCfg = Debug|Any CPU
		{A4D075D9-134B-431E-9FAC-57377BB09715}.Debug|Any CPU.Build.0 = Debug|Any CPU
		{A4D075D9-134B-431E-9FAC-57377BB09715}.Release|Any CPU.ActiveCfg = Release|Any CPU
		{A4D075D9-134B-431E-9FAC-57377BB09715}.Release|Any CPU.Build.0 = Release|Any CPU
		{5F21CA32-FDA1-499F-A111-DC1D3C7FBE93}.Debug|Any CPU.ActiveCfg = Debug|Any CPU
		{5F21CA32-FDA1-499F-A111-DC1D3C7FBE93}.Debug|Any CPU.Build.0 = Debug|Any CPU
		{5F21CA32-FDA1-499F-A111-DC1D3C7FBE93}.Release|Any CPU.ActiveCfg = Release|Any CPU
		{5F21CA32-FDA1-499F-A111-DC1D3C7FBE93}.Release|Any CPU.Build.0 = Release|Any CPU
		{39FD70BB-FE6D-4CDF-A897-E20B718D7487}.Debug|Any CPU.ActiveCfg = Debug|Any CPU
		{39FD70BB-FE6D-4CDF-A897-E20B718D7487}.Debug|Any CPU.Build.0 = Debug|Any CPU
		{39FD70BB-FE6D-4CDF-A897-E20B718D7487}.Release|Any CPU.ActiveCfg = Release|Any CPU
		{39FD70BB-FE6D-4CDF-A897-E20B718D7487}.Release|Any CPU.Build.0 = Release|Any CPU
		{7E2472E2-AA38-45A4-B8A1-CB8492DAB84C}.Debug|Any CPU.ActiveCfg = Debug|Any CPU
		{7E2472E2-AA38-45A4-B8A1-CB8492DAB84C}.Debug|Any CPU.Build.0 = Debug|Any CPU
		{7E2472E2-AA38-45A4-B8A1-CB8492DAB84C}.Release|Any CPU.ActiveCfg = Release|Any CPU
		{7E2472E2-AA38-45A4-B8A1-CB8492DAB84C}.Release|Any CPU.Build.0 = Release|Any CPU
		{6E66560C-3C1B-4FAD-9329-A77E018A106E}.Debug|Any CPU.ActiveCfg = Debug|Any CPU
		{6E66560C-3C1B-4FAD-9329-A77E018A106E}.Debug|Any CPU.Build.0 = Debug|Any CPU
		{6E66560C-3C1B-4FAD-9329-A77E018A106E}.Release|Any CPU.ActiveCfg = Release|Any CPU
		{6E66560C-3C1B-4FAD-9329-A77E018A106E}.Release|Any CPU.Build.0 = Release|Any CPU
		{6EDC2887-D9F1-4025-BDE1-6719E2DC290A}.Debug|Any CPU.ActiveCfg = Debug|Any CPU
		{6EDC2887-D9F1-4025-BDE1-6719E2DC290A}.Debug|Any CPU.Build.0 = Debug|Any CPU
		{6EDC2887-D9F1-4025-BDE1-6719E2DC290A}.Release|Any CPU.ActiveCfg = Release|Any CPU
		{6EDC2887-D9F1-4025-BDE1-6719E2DC290A}.Release|Any CPU.Build.0 = Release|Any CPU
		{12F49FC0-36A6-41C1-B0A5-9F8E7761F3AB}.Debug|Any CPU.ActiveCfg = Debug|Any CPU
		{12F49FC0-36A6-41C1-B0A5-9F8E7761F3AB}.Debug|Any CPU.Build.0 = Debug|Any CPU
		{12F49FC0-36A6-41C1-B0A5-9F8E7761F3AB}.Release|Any CPU.ActiveCfg = Release|Any CPU
		{12F49FC0-36A6-41C1-B0A5-9F8E7761F3AB}.Release|Any CPU.Build.0 = Release|Any CPU
		{E6BF4479-5F74-418B-8183-4633F2238AE0}.Debug|Any CPU.ActiveCfg = Debug|Any CPU
		{E6BF4479-5F74-418B-8183-4633F2238AE0}.Debug|Any CPU.Build.0 = Debug|Any CPU
		{E6BF4479-5F74-418B-8183-4633F2238AE0}.Release|Any CPU.ActiveCfg = Release|Any CPU
		{E6BF4479-5F74-418B-8183-4633F2238AE0}.Release|Any CPU.Build.0 = Release|Any CPU
		{B468DE4D-0AFF-4127-B462-FB914313CD1A}.Debug|Any CPU.ActiveCfg = Debug|Any CPU
		{B468DE4D-0AFF-4127-B462-FB914313CD1A}.Debug|Any CPU.Build.0 = Debug|Any CPU
		{B468DE4D-0AFF-4127-B462-FB914313CD1A}.Release|Any CPU.ActiveCfg = Release|Any CPU
		{B468DE4D-0AFF-4127-B462-FB914313CD1A}.Release|Any CPU.Build.0 = Release|Any CPU
		{BA8E1016-2440-4842-8F54-04A7C7320250}.Debug|Any CPU.ActiveCfg = Debug|Any CPU
		{BA8E1016-2440-4842-8F54-04A7C7320250}.Debug|Any CPU.Build.0 = Debug|Any CPU
		{BA8E1016-2440-4842-8F54-04A7C7320250}.Release|Any CPU.ActiveCfg = Release|Any CPU
		{BA8E1016-2440-4842-8F54-04A7C7320250}.Release|Any CPU.Build.0 = Release|Any CPU
		{CEB67499-5032-4872-ABC5-DB04EFAC5DB9}.Debug|Any CPU.ActiveCfg = Debug|Any CPU
		{CEB67499-5032-4872-ABC5-DB04EFAC5DB9}.Debug|Any CPU.Build.0 = Debug|Any CPU
		{CEB67499-5032-4872-ABC5-DB04EFAC5DB9}.Release|Any CPU.ActiveCfg = Release|Any CPU
		{CEB67499-5032-4872-ABC5-DB04EFAC5DB9}.Release|Any CPU.Build.0 = Release|Any CPU
		{AC7002E8-1566-45BC-BB81-0F3C328D907E}.Debug|Any CPU.ActiveCfg = Debug|Any CPU
		{AC7002E8-1566-45BC-BB81-0F3C328D907E}.Debug|Any CPU.Build.0 = Debug|Any CPU
		{AC7002E8-1566-45BC-BB81-0F3C328D907E}.Release|Any CPU.ActiveCfg = Release|Any CPU
		{AC7002E8-1566-45BC-BB81-0F3C328D907E}.Release|Any CPU.Build.0 = Release|Any CPU
		{75666AB2-EFA5-4D2A-B79C-540614C5286D}.Debug|Any CPU.ActiveCfg = Debug|Any CPU
		{75666AB2-EFA5-4D2A-B79C-540614C5286D}.Debug|Any CPU.Build.0 = Debug|Any CPU
		{75666AB2-EFA5-4D2A-B79C-540614C5286D}.Release|Any CPU.ActiveCfg = Release|Any CPU
		{75666AB2-EFA5-4D2A-B79C-540614C5286D}.Release|Any CPU.Build.0 = Release|Any CPU
		{D28EDD9E-168F-4B17-80CA-49CD86171524}.Debug|Any CPU.ActiveCfg = Debug|Any CPU
		{D28EDD9E-168F-4B17-80CA-49CD86171524}.Debug|Any CPU.Build.0 = Debug|Any CPU
		{D28EDD9E-168F-4B17-80CA-49CD86171524}.Release|Any CPU.ActiveCfg = Release|Any CPU
		{D28EDD9E-168F-4B17-80CA-49CD86171524}.Release|Any CPU.Build.0 = Release|Any CPU
		{62982878-7D85-4332-95E8-2EE074248885}.Debug|Any CPU.ActiveCfg = Debug|Any CPU
		{62982878-7D85-4332-95E8-2EE074248885}.Debug|Any CPU.Build.0 = Debug|Any CPU
		{62982878-7D85-4332-95E8-2EE074248885}.Release|Any CPU.ActiveCfg = Release|Any CPU
		{62982878-7D85-4332-95E8-2EE074248885}.Release|Any CPU.Build.0 = Release|Any CPU
		{706BF189-5AA3-4808-B9EB-A32969812AD3}.Debug|Any CPU.ActiveCfg = Debug|Any CPU
		{706BF189-5AA3-4808-B9EB-A32969812AD3}.Debug|Any CPU.Build.0 = Debug|Any CPU
		{706BF189-5AA3-4808-B9EB-A32969812AD3}.Release|Any CPU.ActiveCfg = Release|Any CPU
		{706BF189-5AA3-4808-B9EB-A32969812AD3}.Release|Any CPU.Build.0 = Release|Any CPU
		{B64E59AC-9C82-486B-B778-341505759448}.Debug|Any CPU.ActiveCfg = Debug|Any CPU
		{B64E59AC-9C82-486B-B778-341505759448}.Debug|Any CPU.Build.0 = Debug|Any CPU
		{B64E59AC-9C82-486B-B778-341505759448}.Release|Any CPU.ActiveCfg = Release|Any CPU
		{B64E59AC-9C82-486B-B778-341505759448}.Release|Any CPU.Build.0 = Release|Any CPU
		{42B5DE09-6776-4AC8-BE54-322C1C118E32}.Debug|Any CPU.ActiveCfg = Debug|Any CPU
		{42B5DE09-6776-4AC8-BE54-322C1C118E32}.Debug|Any CPU.Build.0 = Debug|Any CPU
		{42B5DE09-6776-4AC8-BE54-322C1C118E32}.Release|Any CPU.ActiveCfg = Release|Any CPU
		{42B5DE09-6776-4AC8-BE54-322C1C118E32}.Release|Any CPU.Build.0 = Release|Any CPU
		{2D24E6A9-72BA-4524-8EB2-E20F84475548}.Debug|Any CPU.ActiveCfg = Debug|Any CPU
		{2D24E6A9-72BA-4524-8EB2-E20F84475548}.Debug|Any CPU.Build.0 = Debug|Any CPU
		{2D24E6A9-72BA-4524-8EB2-E20F84475548}.Release|Any CPU.ActiveCfg = Release|Any CPU
		{2D24E6A9-72BA-4524-8EB2-E20F84475548}.Release|Any CPU.Build.0 = Release|Any CPU
		{E97862C0-F1A7-4DB4-BCAA-1B9EB873A175}.Debug|Any CPU.ActiveCfg = Debug|Any CPU
		{E97862C0-F1A7-4DB4-BCAA-1B9EB873A175}.Debug|Any CPU.Build.0 = Debug|Any CPU
		{E97862C0-F1A7-4DB4-BCAA-1B9EB873A175}.Release|Any CPU.ActiveCfg = Release|Any CPU
		{E97862C0-F1A7-4DB4-BCAA-1B9EB873A175}.Release|Any CPU.Build.0 = Release|Any CPU
		{E72E7557-DD0B-4A49-A17C-04A8205E13AA}.Debug|Any CPU.ActiveCfg = Debug|Any CPU
		{E72E7557-DD0B-4A49-A17C-04A8205E13AA}.Debug|Any CPU.Build.0 = Debug|Any CPU
		{E72E7557-DD0B-4A49-A17C-04A8205E13AA}.Release|Any CPU.ActiveCfg = Release|Any CPU
		{E72E7557-DD0B-4A49-A17C-04A8205E13AA}.Release|Any CPU.Build.0 = Release|Any CPU
		{E808E14D-E878-4047-A0D7-A4F5A1C945C0}.Debug|Any CPU.ActiveCfg = Debug|Any CPU
		{E808E14D-E878-4047-A0D7-A4F5A1C945C0}.Debug|Any CPU.Build.0 = Debug|Any CPU
		{E808E14D-E878-4047-A0D7-A4F5A1C945C0}.Release|Any CPU.ActiveCfg = Release|Any CPU
		{E808E14D-E878-4047-A0D7-A4F5A1C945C0}.Release|Any CPU.Build.0 = Release|Any CPU
		{9B6EBE84-1E22-4011-AE1C-8FBE4B6D7F7A}.Debug|Any CPU.ActiveCfg = Debug|Any CPU
		{9B6EBE84-1E22-4011-AE1C-8FBE4B6D7F7A}.Debug|Any CPU.Build.0 = Debug|Any CPU
		{9B6EBE84-1E22-4011-AE1C-8FBE4B6D7F7A}.Release|Any CPU.ActiveCfg = Release|Any CPU
		{9B6EBE84-1E22-4011-AE1C-8FBE4B6D7F7A}.Release|Any CPU.Build.0 = Release|Any CPU
		{ACBD33F5-1EC6-4123-86D9-CF5470AB47F7}.Debug|Any CPU.ActiveCfg = Debug|Any CPU
		{ACBD33F5-1EC6-4123-86D9-CF5470AB47F7}.Debug|Any CPU.Build.0 = Debug|Any CPU
		{ACBD33F5-1EC6-4123-86D9-CF5470AB47F7}.Release|Any CPU.ActiveCfg = Release|Any CPU
		{ACBD33F5-1EC6-4123-86D9-CF5470AB47F7}.Release|Any CPU.Build.0 = Release|Any CPU
		{52ADE701-2197-43D7-BAEC-1928CE6E72F8}.Debug|Any CPU.ActiveCfg = Debug|Any CPU
		{52ADE701-2197-43D7-BAEC-1928CE6E72F8}.Debug|Any CPU.Build.0 = Debug|Any CPU
		{52ADE701-2197-43D7-BAEC-1928CE6E72F8}.Release|Any CPU.ActiveCfg = Release|Any CPU
		{52ADE701-2197-43D7-BAEC-1928CE6E72F8}.Release|Any CPU.Build.0 = Release|Any CPU
		{769882B1-2FD7-4E7A-A64E-2CF9D0636C0E}.Debug|Any CPU.ActiveCfg = Debug|Any CPU
		{769882B1-2FD7-4E7A-A64E-2CF9D0636C0E}.Debug|Any CPU.Build.0 = Debug|Any CPU
		{769882B1-2FD7-4E7A-A64E-2CF9D0636C0E}.Release|Any CPU.ActiveCfg = Release|Any CPU
		{769882B1-2FD7-4E7A-A64E-2CF9D0636C0E}.Release|Any CPU.Build.0 = Release|Any CPU
		{FF71AA23-03A9-46EA-8C20-46CBF1504F6B}.Debug|Any CPU.ActiveCfg = Debug|Any CPU
		{FF71AA23-03A9-46EA-8C20-46CBF1504F6B}.Debug|Any CPU.Build.0 = Debug|Any CPU
		{FF71AA23-03A9-46EA-8C20-46CBF1504F6B}.Release|Any CPU.ActiveCfg = Release|Any CPU
		{FF71AA23-03A9-46EA-8C20-46CBF1504F6B}.Release|Any CPU.Build.0 = Release|Any CPU
		{E0E88809-2C1C-4CDB-B7AE-7F414ABBAB6A}.Debug|Any CPU.ActiveCfg = Debug|Any CPU
		{E0E88809-2C1C-4CDB-B7AE-7F414ABBAB6A}.Debug|Any CPU.Build.0 = Debug|Any CPU
		{E0E88809-2C1C-4CDB-B7AE-7F414ABBAB6A}.Release|Any CPU.ActiveCfg = Release|Any CPU
		{E0E88809-2C1C-4CDB-B7AE-7F414ABBAB6A}.Release|Any CPU.Build.0 = Release|Any CPU
		{FCB844D5-8D4D-4116-8D25-91AC9CA47C1C}.Debug|Any CPU.ActiveCfg = Debug|Any CPU
		{FCB844D5-8D4D-4116-8D25-91AC9CA47C1C}.Debug|Any CPU.Build.0 = Debug|Any CPU
		{FCB844D5-8D4D-4116-8D25-91AC9CA47C1C}.Release|Any CPU.ActiveCfg = Release|Any CPU
		{FCB844D5-8D4D-4116-8D25-91AC9CA47C1C}.Release|Any CPU.Build.0 = Release|Any CPU
		{CFB33B3B-6428-4026-AE5B-20C1A23FFDE5}.Debug|Any CPU.ActiveCfg = Debug|Any CPU
		{CFB33B3B-6428-4026-AE5B-20C1A23FFDE5}.Debug|Any CPU.Build.0 = Debug|Any CPU
		{CFB33B3B-6428-4026-AE5B-20C1A23FFDE5}.Release|Any CPU.ActiveCfg = Release|Any CPU
		{CFB33B3B-6428-4026-AE5B-20C1A23FFDE5}.Release|Any CPU.Build.0 = Release|Any CPU
		{0D3DEA2D-8CD9-4767-9B59-25188092EB9E}.Debug|Any CPU.ActiveCfg = Debug|Any CPU
		{0D3DEA2D-8CD9-4767-9B59-25188092EB9E}.Debug|Any CPU.Build.0 = Debug|Any CPU
		{0D3DEA2D-8CD9-4767-9B59-25188092EB9E}.Release|Any CPU.ActiveCfg = Release|Any CPU
		{0D3DEA2D-8CD9-4767-9B59-25188092EB9E}.Release|Any CPU.Build.0 = Release|Any CPU
		{28254A9E-8789-4637-B044-CF3E2F4B0E58}.Debug|Any CPU.ActiveCfg = Debug|Any CPU
		{28254A9E-8789-4637-B044-CF3E2F4B0E58}.Debug|Any CPU.Build.0 = Debug|Any CPU
		{28254A9E-8789-4637-B044-CF3E2F4B0E58}.Release|Any CPU.ActiveCfg = Release|Any CPU
		{28254A9E-8789-4637-B044-CF3E2F4B0E58}.Release|Any CPU.Build.0 = Release|Any CPU
		{DB73AA22-854E-4446-99AD-B0801612F892}.Debug|Any CPU.ActiveCfg = Debug|Any CPU
		{DB73AA22-854E-4446-99AD-B0801612F892}.Debug|Any CPU.Build.0 = Debug|Any CPU
		{DB73AA22-854E-4446-99AD-B0801612F892}.Release|Any CPU.ActiveCfg = Release|Any CPU
		{DB73AA22-854E-4446-99AD-B0801612F892}.Release|Any CPU.Build.0 = Release|Any CPU
		{78BF3F15-47E5-4844-8D14-DAA65F038311}.Debug|Any CPU.ActiveCfg = Debug|Any CPU
		{78BF3F15-47E5-4844-8D14-DAA65F038311}.Debug|Any CPU.Build.0 = Debug|Any CPU
		{78BF3F15-47E5-4844-8D14-DAA65F038311}.Release|Any CPU.ActiveCfg = Release|Any CPU
		{78BF3F15-47E5-4844-8D14-DAA65F038311}.Release|Any CPU.Build.0 = Release|Any CPU
		{113D74A2-0754-4E24-B512-35DCF668B9B1}.Debug|Any CPU.ActiveCfg = Debug|Any CPU
		{113D74A2-0754-4E24-B512-35DCF668B9B1}.Debug|Any CPU.Build.0 = Debug|Any CPU
		{113D74A2-0754-4E24-B512-35DCF668B9B1}.Release|Any CPU.ActiveCfg = Release|Any CPU
		{113D74A2-0754-4E24-B512-35DCF668B9B1}.Release|Any CPU.Build.0 = Release|Any CPU
		{997669CF-F210-4EAE-82E0-739E4F9F9D0D}.Debug|Any CPU.ActiveCfg = Debug|Any CPU
		{997669CF-F210-4EAE-82E0-739E4F9F9D0D}.Debug|Any CPU.Build.0 = Debug|Any CPU
		{997669CF-F210-4EAE-82E0-739E4F9F9D0D}.Release|Any CPU.ActiveCfg = Release|Any CPU
		{997669CF-F210-4EAE-82E0-739E4F9F9D0D}.Release|Any CPU.Build.0 = Release|Any CPU
		{6B84B180-EB4C-4A76-848B-F7A0AF0138B9}.Debug|Any CPU.ActiveCfg = Debug|Any CPU
		{6B84B180-EB4C-4A76-848B-F7A0AF0138B9}.Debug|Any CPU.Build.0 = Debug|Any CPU
		{6B84B180-EB4C-4A76-848B-F7A0AF0138B9}.Release|Any CPU.ActiveCfg = Release|Any CPU
		{6B84B180-EB4C-4A76-848B-F7A0AF0138B9}.Release|Any CPU.Build.0 = Release|Any CPU
		{CB7A16BC-91FB-4865-AA92-74A51006002E}.Debug|Any CPU.ActiveCfg = Debug|Any CPU
		{CB7A16BC-91FB-4865-AA92-74A51006002E}.Debug|Any CPU.Build.0 = Debug|Any CPU
		{CB7A16BC-91FB-4865-AA92-74A51006002E}.Release|Any CPU.ActiveCfg = Release|Any CPU
		{CB7A16BC-91FB-4865-AA92-74A51006002E}.Release|Any CPU.Build.0 = Release|Any CPU
		{C343A3D2-EE12-46BC-B7D5-5BB833A4A13A}.Debug|Any CPU.ActiveCfg = Debug|Any CPU
		{C343A3D2-EE12-46BC-B7D5-5BB833A4A13A}.Debug|Any CPU.Build.0 = Debug|Any CPU
		{C343A3D2-EE12-46BC-B7D5-5BB833A4A13A}.Release|Any CPU.ActiveCfg = Release|Any CPU
		{C343A3D2-EE12-46BC-B7D5-5BB833A4A13A}.Release|Any CPU.Build.0 = Release|Any CPU
		{834ED4B7-90DD-4283-899D-C1526F2DA6F4}.Debug|Any CPU.ActiveCfg = Debug|Any CPU
		{834ED4B7-90DD-4283-899D-C1526F2DA6F4}.Debug|Any CPU.Build.0 = Debug|Any CPU
		{834ED4B7-90DD-4283-899D-C1526F2DA6F4}.Release|Any CPU.ActiveCfg = Release|Any CPU
		{834ED4B7-90DD-4283-899D-C1526F2DA6F4}.Release|Any CPU.Build.0 = Release|Any CPU
		{48C3692B-AF77-4DA4-A267-6DF550A3E9EC}.Debug|Any CPU.ActiveCfg = Debug|Any CPU
		{48C3692B-AF77-4DA4-A267-6DF550A3E9EC}.Debug|Any CPU.Build.0 = Debug|Any CPU
		{48C3692B-AF77-4DA4-A267-6DF550A3E9EC}.Release|Any CPU.ActiveCfg = Release|Any CPU
		{48C3692B-AF77-4DA4-A267-6DF550A3E9EC}.Release|Any CPU.Build.0 = Release|Any CPU
		{F8EF5C03-9F6C-41A7-8AB1-F78720CCFFE8}.Debug|Any CPU.ActiveCfg = Debug|Any CPU
		{F8EF5C03-9F6C-41A7-8AB1-F78720CCFFE8}.Debug|Any CPU.Build.0 = Debug|Any CPU
		{F8EF5C03-9F6C-41A7-8AB1-F78720CCFFE8}.Release|Any CPU.ActiveCfg = Release|Any CPU
		{F8EF5C03-9F6C-41A7-8AB1-F78720CCFFE8}.Release|Any CPU.Build.0 = Release|Any CPU
		{2326945B-5B94-428F-A2B8-F565B7B6713A}.Debug|Any CPU.ActiveCfg = Debug|Any CPU
		{2326945B-5B94-428F-A2B8-F565B7B6713A}.Debug|Any CPU.Build.0 = Debug|Any CPU
		{2326945B-5B94-428F-A2B8-F565B7B6713A}.Release|Any CPU.ActiveCfg = Release|Any CPU
		{2326945B-5B94-428F-A2B8-F565B7B6713A}.Release|Any CPU.Build.0 = Release|Any CPU
		{8FE679FF-19C0-4AAC-81E9-941FC57099F0}.Debug|Any CPU.ActiveCfg = Debug|Any CPU
		{8FE679FF-19C0-4AAC-81E9-941FC57099F0}.Debug|Any CPU.Build.0 = Debug|Any CPU
		{8FE679FF-19C0-4AAC-81E9-941FC57099F0}.Release|Any CPU.ActiveCfg = Release|Any CPU
		{8FE679FF-19C0-4AAC-81E9-941FC57099F0}.Release|Any CPU.Build.0 = Release|Any CPU
		{F2852D31-E9FC-4F95-A209-0A9A13B1B9D4}.Debug|Any CPU.ActiveCfg = Debug|Any CPU
		{F2852D31-E9FC-4F95-A209-0A9A13B1B9D4}.Debug|Any CPU.Build.0 = Debug|Any CPU
		{F2852D31-E9FC-4F95-A209-0A9A13B1B9D4}.Release|Any CPU.ActiveCfg = Release|Any CPU
		{F2852D31-E9FC-4F95-A209-0A9A13B1B9D4}.Release|Any CPU.Build.0 = Release|Any CPU
		{437C367B-68A0-4C99-BE36-2F5A186F58D2}.Debug|Any CPU.ActiveCfg = Debug|Any CPU
		{437C367B-68A0-4C99-BE36-2F5A186F58D2}.Debug|Any CPU.Build.0 = Debug|Any CPU
		{437C367B-68A0-4C99-BE36-2F5A186F58D2}.Release|Any CPU.ActiveCfg = Release|Any CPU
		{437C367B-68A0-4C99-BE36-2F5A186F58D2}.Release|Any CPU.Build.0 = Release|Any CPU
		{3E6FE83A-26BB-41D7-A3DA-F06793F4592B}.Debug|Any CPU.ActiveCfg = Debug|Any CPU
		{3E6FE83A-26BB-41D7-A3DA-F06793F4592B}.Debug|Any CPU.Build.0 = Debug|Any CPU
		{3E6FE83A-26BB-41D7-A3DA-F06793F4592B}.Release|Any CPU.ActiveCfg = Release|Any CPU
		{3E6FE83A-26BB-41D7-A3DA-F06793F4592B}.Release|Any CPU.Build.0 = Release|Any CPU
		{B8001D6B-4F4B-431C-AEAC-9BAE4F57E96A}.Debug|Any CPU.ActiveCfg = Debug|Any CPU
		{B8001D6B-4F4B-431C-AEAC-9BAE4F57E96A}.Debug|Any CPU.Build.0 = Debug|Any CPU
		{B8001D6B-4F4B-431C-AEAC-9BAE4F57E96A}.Release|Any CPU.ActiveCfg = Release|Any CPU
		{B8001D6B-4F4B-431C-AEAC-9BAE4F57E96A}.Release|Any CPU.Build.0 = Release|Any CPU
		{C42051B1-AA0C-440D-954F-5232BF5BACE7}.Debug|Any CPU.ActiveCfg = Debug|Any CPU
		{C42051B1-AA0C-440D-954F-5232BF5BACE7}.Debug|Any CPU.Build.0 = Debug|Any CPU
		{C42051B1-AA0C-440D-954F-5232BF5BACE7}.Release|Any CPU.ActiveCfg = Release|Any CPU
		{C42051B1-AA0C-440D-954F-5232BF5BACE7}.Release|Any CPU.Build.0 = Release|Any CPU
		{6BFDA833-669F-408F-9072-AA0C0A213C6B}.Debug|Any CPU.ActiveCfg = Debug|Any CPU
		{6BFDA833-669F-408F-9072-AA0C0A213C6B}.Debug|Any CPU.Build.0 = Debug|Any CPU
		{6BFDA833-669F-408F-9072-AA0C0A213C6B}.Release|Any CPU.ActiveCfg = Release|Any CPU
		{6BFDA833-669F-408F-9072-AA0C0A213C6B}.Release|Any CPU.Build.0 = Release|Any CPU
		{6F552B7D-0F29-4587-A36D-69740B5745F9}.Debug|Any CPU.ActiveCfg = Debug|Any CPU
		{6F552B7D-0F29-4587-A36D-69740B5745F9}.Debug|Any CPU.Build.0 = Debug|Any CPU
		{6F552B7D-0F29-4587-A36D-69740B5745F9}.Release|Any CPU.ActiveCfg = Release|Any CPU
		{6F552B7D-0F29-4587-A36D-69740B5745F9}.Release|Any CPU.Build.0 = Release|Any CPU
		{8DADB5B3-BC59-4B1A-A614-43571722B310}.Debug|Any CPU.ActiveCfg = Debug|Any CPU
		{8DADB5B3-BC59-4B1A-A614-43571722B310}.Debug|Any CPU.Build.0 = Debug|Any CPU
		{8DADB5B3-BC59-4B1A-A614-43571722B310}.Release|Any CPU.ActiveCfg = Release|Any CPU
		{8DADB5B3-BC59-4B1A-A614-43571722B310}.Release|Any CPU.Build.0 = Release|Any CPU
		{1B104935-CD60-4A93-8F60-DEFDFA269EFA}.Debug|Any CPU.ActiveCfg = Debug|Any CPU
		{1B104935-CD60-4A93-8F60-DEFDFA269EFA}.Debug|Any CPU.Build.0 = Debug|Any CPU
		{1B104935-CD60-4A93-8F60-DEFDFA269EFA}.Release|Any CPU.ActiveCfg = Release|Any CPU
		{1B104935-CD60-4A93-8F60-DEFDFA269EFA}.Release|Any CPU.Build.0 = Release|Any CPU
		{7144DD68-191F-44DA-A0DC-181D49B6CB5D}.Debug|Any CPU.ActiveCfg = Debug|Any CPU
		{7144DD68-191F-44DA-A0DC-181D49B6CB5D}.Debug|Any CPU.Build.0 = Debug|Any CPU
		{7144DD68-191F-44DA-A0DC-181D49B6CB5D}.Release|Any CPU.ActiveCfg = Release|Any CPU
		{7144DD68-191F-44DA-A0DC-181D49B6CB5D}.Release|Any CPU.Build.0 = Release|Any CPU
		{D11438B9-AEAA-49D6-9A76-B5FE3DD4C5D2}.Debug|Any CPU.ActiveCfg = Debug|Any CPU
		{D11438B9-AEAA-49D6-9A76-B5FE3DD4C5D2}.Debug|Any CPU.Build.0 = Debug|Any CPU
		{D11438B9-AEAA-49D6-9A76-B5FE3DD4C5D2}.Release|Any CPU.ActiveCfg = Release|Any CPU
		{D11438B9-AEAA-49D6-9A76-B5FE3DD4C5D2}.Release|Any CPU.Build.0 = Release|Any CPU
		{DCFEB5E3-9EC1-4681-AD38-BAB0894749CF}.Debug|Any CPU.ActiveCfg = Debug|Any CPU
		{DCFEB5E3-9EC1-4681-AD38-BAB0894749CF}.Debug|Any CPU.Build.0 = Debug|Any CPU
		{DCFEB5E3-9EC1-4681-AD38-BAB0894749CF}.Release|Any CPU.ActiveCfg = Release|Any CPU
		{DCFEB5E3-9EC1-4681-AD38-BAB0894749CF}.Release|Any CPU.Build.0 = Release|Any CPU
		{A86605BF-15FE-4AFE-B7E8-B781CFC98E62}.Debug|Any CPU.ActiveCfg = Debug|Any CPU
		{A86605BF-15FE-4AFE-B7E8-B781CFC98E62}.Debug|Any CPU.Build.0 = Debug|Any CPU
		{A86605BF-15FE-4AFE-B7E8-B781CFC98E62}.Release|Any CPU.ActiveCfg = Release|Any CPU
		{A86605BF-15FE-4AFE-B7E8-B781CFC98E62}.Release|Any CPU.Build.0 = Release|Any CPU
		{319054B5-0C2F-449A-AB5B-371BBBEFF36F}.Debug|Any CPU.ActiveCfg = Debug|Any CPU
		{319054B5-0C2F-449A-AB5B-371BBBEFF36F}.Debug|Any CPU.Build.0 = Debug|Any CPU
		{319054B5-0C2F-449A-AB5B-371BBBEFF36F}.Release|Any CPU.ActiveCfg = Release|Any CPU
		{319054B5-0C2F-449A-AB5B-371BBBEFF36F}.Release|Any CPU.Build.0 = Release|Any CPU
		{AD26E79E-0010-4E8E-9844-7BBC2857BAF4}.Debug|Any CPU.ActiveCfg = Debug|Any CPU
		{AD26E79E-0010-4E8E-9844-7BBC2857BAF4}.Debug|Any CPU.Build.0 = Debug|Any CPU
		{AD26E79E-0010-4E8E-9844-7BBC2857BAF4}.Release|Any CPU.ActiveCfg = Release|Any CPU
		{AD26E79E-0010-4E8E-9844-7BBC2857BAF4}.Release|Any CPU.Build.0 = Release|Any CPU
		{01DC62D4-B17D-4D6B-B02E-664748891B41}.Debug|Any CPU.ActiveCfg = Debug|Any CPU
		{01DC62D4-B17D-4D6B-B02E-664748891B41}.Debug|Any CPU.Build.0 = Debug|Any CPU
		{01DC62D4-B17D-4D6B-B02E-664748891B41}.Release|Any CPU.ActiveCfg = Release|Any CPU
		{01DC62D4-B17D-4D6B-B02E-664748891B41}.Release|Any CPU.Build.0 = Release|Any CPU
		{0B3EEB2F-F312-4BC6-8D9C-C60C3C29242A}.Debug|Any CPU.ActiveCfg = Debug|Any CPU
		{0B3EEB2F-F312-4BC6-8D9C-C60C3C29242A}.Debug|Any CPU.Build.0 = Debug|Any CPU
		{0B3EEB2F-F312-4BC6-8D9C-C60C3C29242A}.Release|Any CPU.ActiveCfg = Release|Any CPU
		{0B3EEB2F-F312-4BC6-8D9C-C60C3C29242A}.Release|Any CPU.Build.0 = Release|Any CPU
		{385CB748-6641-4F35-B1A6-D6D3F22AA04C}.Debug|Any CPU.ActiveCfg = Debug|Any CPU
		{385CB748-6641-4F35-B1A6-D6D3F22AA04C}.Debug|Any CPU.Build.0 = Debug|Any CPU
		{385CB748-6641-4F35-B1A6-D6D3F22AA04C}.Release|Any CPU.ActiveCfg = Release|Any CPU
		{385CB748-6641-4F35-B1A6-D6D3F22AA04C}.Release|Any CPU.Build.0 = Release|Any CPU
		{6F1CD59E-127A-4CC8-831C-FAC76934ACA0}.Debug|Any CPU.ActiveCfg = Debug|Any CPU
		{6F1CD59E-127A-4CC8-831C-FAC76934ACA0}.Debug|Any CPU.Build.0 = Debug|Any CPU
		{6F1CD59E-127A-4CC8-831C-FAC76934ACA0}.Release|Any CPU.ActiveCfg = Release|Any CPU
		{6F1CD59E-127A-4CC8-831C-FAC76934ACA0}.Release|Any CPU.Build.0 = Release|Any CPU
		{EE2BECE6-744C-46EB-88B8-8175F5D234EE}.Debug|Any CPU.ActiveCfg = Debug|Any CPU
		{EE2BECE6-744C-46EB-88B8-8175F5D234EE}.Debug|Any CPU.Build.0 = Debug|Any CPU
		{EE2BECE6-744C-46EB-88B8-8175F5D234EE}.Release|Any CPU.ActiveCfg = Release|Any CPU
		{EE2BECE6-744C-46EB-88B8-8175F5D234EE}.Release|Any CPU.Build.0 = Release|Any CPU
		{43F66ED0-BDC5-40A6-A03C-85425221A9F6}.Debug|Any CPU.ActiveCfg = Debug|Any CPU
		{43F66ED0-BDC5-40A6-A03C-85425221A9F6}.Debug|Any CPU.Build.0 = Debug|Any CPU
		{43F66ED0-BDC5-40A6-A03C-85425221A9F6}.Release|Any CPU.ActiveCfg = Release|Any CPU
		{43F66ED0-BDC5-40A6-A03C-85425221A9F6}.Release|Any CPU.Build.0 = Release|Any CPU
		{26481C45-EF40-4C86-A191-C18EC15AB573}.Debug|Any CPU.ActiveCfg = Debug|Any CPU
		{26481C45-EF40-4C86-A191-C18EC15AB573}.Debug|Any CPU.Build.0 = Debug|Any CPU
		{26481C45-EF40-4C86-A191-C18EC15AB573}.Release|Any CPU.ActiveCfg = Release|Any CPU
		{26481C45-EF40-4C86-A191-C18EC15AB573}.Release|Any CPU.Build.0 = Release|Any CPU
		{CCF8CDBD-3B55-41D6-8AB6-795961EF7B3D}.Debug|Any CPU.ActiveCfg = Debug|Any CPU
		{CCF8CDBD-3B55-41D6-8AB6-795961EF7B3D}.Debug|Any CPU.Build.0 = Debug|Any CPU
		{CCF8CDBD-3B55-41D6-8AB6-795961EF7B3D}.Release|Any CPU.ActiveCfg = Release|Any CPU
		{CCF8CDBD-3B55-41D6-8AB6-795961EF7B3D}.Release|Any CPU.Build.0 = Release|Any CPU
		{7CFAB310-2C83-4520-A240-DAB3A72E7C1D}.Debug|Any CPU.ActiveCfg = Debug|Any CPU
		{7CFAB310-2C83-4520-A240-DAB3A72E7C1D}.Debug|Any CPU.Build.0 = Debug|Any CPU
		{7CFAB310-2C83-4520-A240-DAB3A72E7C1D}.Release|Any CPU.ActiveCfg = Release|Any CPU
		{7CFAB310-2C83-4520-A240-DAB3A72E7C1D}.Release|Any CPU.Build.0 = Release|Any CPU
		{C36EB00D-DBFE-4FBA-9618-CF9117E806C5}.Debug|Any CPU.ActiveCfg = Debug|Any CPU
		{C36EB00D-DBFE-4FBA-9618-CF9117E806C5}.Debug|Any CPU.Build.0 = Debug|Any CPU
		{C36EB00D-DBFE-4FBA-9618-CF9117E806C5}.Release|Any CPU.ActiveCfg = Release|Any CPU
		{C36EB00D-DBFE-4FBA-9618-CF9117E806C5}.Release|Any CPU.Build.0 = Release|Any CPU
		{97917C40-A8AC-4376-A499-C1EABF76B116}.Debug|Any CPU.ActiveCfg = Debug|Any CPU
		{97917C40-A8AC-4376-A499-C1EABF76B116}.Debug|Any CPU.Build.0 = Debug|Any CPU
		{97917C40-A8AC-4376-A499-C1EABF76B116}.Release|Any CPU.ActiveCfg = Release|Any CPU
		{97917C40-A8AC-4376-A499-C1EABF76B116}.Release|Any CPU.Build.0 = Release|Any CPU
		{7F7D04F7-4E38-491E-918D-63E23C8EB896}.Debug|Any CPU.ActiveCfg = Debug|Any CPU
		{7F7D04F7-4E38-491E-918D-63E23C8EB896}.Debug|Any CPU.Build.0 = Debug|Any CPU
		{7F7D04F7-4E38-491E-918D-63E23C8EB896}.Release|Any CPU.ActiveCfg = Release|Any CPU
		{7F7D04F7-4E38-491E-918D-63E23C8EB896}.Release|Any CPU.Build.0 = Release|Any CPU
		{46604B8D-3BDA-4C48-BF87-373BBB27A832}.Debug|Any CPU.ActiveCfg = Debug|Any CPU
		{46604B8D-3BDA-4C48-BF87-373BBB27A832}.Debug|Any CPU.Build.0 = Debug|Any CPU
		{46604B8D-3BDA-4C48-BF87-373BBB27A832}.Release|Any CPU.ActiveCfg = Release|Any CPU
		{46604B8D-3BDA-4C48-BF87-373BBB27A832}.Release|Any CPU.Build.0 = Release|Any CPU
		{88598125-5CBF-463C-896F-4A91AC907D12}.Debug|Any CPU.ActiveCfg = Debug|Any CPU
		{88598125-5CBF-463C-896F-4A91AC907D12}.Debug|Any CPU.Build.0 = Debug|Any CPU
		{88598125-5CBF-463C-896F-4A91AC907D12}.Release|Any CPU.ActiveCfg = Release|Any CPU
		{88598125-5CBF-463C-896F-4A91AC907D12}.Release|Any CPU.Build.0 = Release|Any CPU
		{B8255CB1-8AFE-4E43-B079-20C08EC5B58C}.Debug|Any CPU.ActiveCfg = Debug|Any CPU
		{B8255CB1-8AFE-4E43-B079-20C08EC5B58C}.Debug|Any CPU.Build.0 = Debug|Any CPU
		{B8255CB1-8AFE-4E43-B079-20C08EC5B58C}.Release|Any CPU.ActiveCfg = Release|Any CPU
		{B8255CB1-8AFE-4E43-B079-20C08EC5B58C}.Release|Any CPU.Build.0 = Release|Any CPU
		{AB30330E-169A-42EC-BB9D-09852B640E59}.Debug|Any CPU.ActiveCfg = Debug|Any CPU
		{AB30330E-169A-42EC-BB9D-09852B640E59}.Debug|Any CPU.Build.0 = Debug|Any CPU
		{AB30330E-169A-42EC-BB9D-09852B640E59}.Release|Any CPU.ActiveCfg = Release|Any CPU
		{AB30330E-169A-42EC-BB9D-09852B640E59}.Release|Any CPU.Build.0 = Release|Any CPU
		{3B7E671E-94E4-4CAB-9800-C767526296C7}.Debug|Any CPU.ActiveCfg = Debug|Any CPU
		{3B7E671E-94E4-4CAB-9800-C767526296C7}.Debug|Any CPU.Build.0 = Debug|Any CPU
		{3B7E671E-94E4-4CAB-9800-C767526296C7}.Release|Any CPU.ActiveCfg = Release|Any CPU
		{3B7E671E-94E4-4CAB-9800-C767526296C7}.Release|Any CPU.Build.0 = Release|Any CPU
		{5F6B8C40-CB59-4525-A4CB-00031730FD64}.Debug|Any CPU.ActiveCfg = Debug|Any CPU
		{5F6B8C40-CB59-4525-A4CB-00031730FD64}.Debug|Any CPU.Build.0 = Debug|Any CPU
		{5F6B8C40-CB59-4525-A4CB-00031730FD64}.Release|Any CPU.ActiveCfg = Release|Any CPU
		{5F6B8C40-CB59-4525-A4CB-00031730FD64}.Release|Any CPU.Build.0 = Release|Any CPU
		{4F85DC8D-5FC4-4C19-9BC9-EFF156CB10AC}.Debug|Any CPU.ActiveCfg = Debug|Any CPU
		{4F85DC8D-5FC4-4C19-9BC9-EFF156CB10AC}.Debug|Any CPU.Build.0 = Debug|Any CPU
		{4F85DC8D-5FC4-4C19-9BC9-EFF156CB10AC}.Release|Any CPU.ActiveCfg = Release|Any CPU
		{4F85DC8D-5FC4-4C19-9BC9-EFF156CB10AC}.Release|Any CPU.Build.0 = Release|Any CPU
		{39046D23-D6AD-4B59-844D-90E09AF6F405}.Debug|Any CPU.ActiveCfg = Debug|Any CPU
		{39046D23-D6AD-4B59-844D-90E09AF6F405}.Debug|Any CPU.Build.0 = Debug|Any CPU
		{39046D23-D6AD-4B59-844D-90E09AF6F405}.Release|Any CPU.ActiveCfg = Release|Any CPU
		{39046D23-D6AD-4B59-844D-90E09AF6F405}.Release|Any CPU.Build.0 = Release|Any CPU
		{7E99A33E-DFBF-4CD7-8D5D-E7865BB26DC9}.Debug|Any CPU.ActiveCfg = Debug|Any CPU
		{7E99A33E-DFBF-4CD7-8D5D-E7865BB26DC9}.Debug|Any CPU.Build.0 = Debug|Any CPU
		{7E99A33E-DFBF-4CD7-8D5D-E7865BB26DC9}.Release|Any CPU.ActiveCfg = Release|Any CPU
		{7E99A33E-DFBF-4CD7-8D5D-E7865BB26DC9}.Release|Any CPU.Build.0 = Release|Any CPU
		{8771E2DD-1482-46C9-9ECF-57D36F12D638}.Debug|Any CPU.ActiveCfg = Debug|Any CPU
		{8771E2DD-1482-46C9-9ECF-57D36F12D638}.Debug|Any CPU.Build.0 = Debug|Any CPU
		{8771E2DD-1482-46C9-9ECF-57D36F12D638}.Release|Any CPU.ActiveCfg = Release|Any CPU
		{8771E2DD-1482-46C9-9ECF-57D36F12D638}.Release|Any CPU.Build.0 = Release|Any CPU
		{B5F34CB5-844B-428F-A6FF-014E860C1242}.Debug|Any CPU.ActiveCfg = Debug|Any CPU
		{B5F34CB5-844B-428F-A6FF-014E860C1242}.Debug|Any CPU.Build.0 = Debug|Any CPU
		{B5F34CB5-844B-428F-A6FF-014E860C1242}.Release|Any CPU.ActiveCfg = Release|Any CPU
		{B5F34CB5-844B-428F-A6FF-014E860C1242}.Release|Any CPU.Build.0 = Release|Any CPU
		{F0755254-5D20-4F55-AFF2-CB3C3E57B898}.Debug|Any CPU.ActiveCfg = Debug|Any CPU
		{F0755254-5D20-4F55-AFF2-CB3C3E57B898}.Debug|Any CPU.Build.0 = Debug|Any CPU
		{F0755254-5D20-4F55-AFF2-CB3C3E57B898}.Release|Any CPU.ActiveCfg = Release|Any CPU
		{F0755254-5D20-4F55-AFF2-CB3C3E57B898}.Release|Any CPU.Build.0 = Release|Any CPU
		{8D222281-5ECE-4E2C-9F46-3201B636162F}.Debug|Any CPU.ActiveCfg = Debug|Any CPU
		{8D222281-5ECE-4E2C-9F46-3201B636162F}.Debug|Any CPU.Build.0 = Debug|Any CPU
		{8D222281-5ECE-4E2C-9F46-3201B636162F}.Release|Any CPU.ActiveCfg = Release|Any CPU
		{8D222281-5ECE-4E2C-9F46-3201B636162F}.Release|Any CPU.Build.0 = Release|Any CPU
		{7DECEA80-0C5F-4E3E-9591-8BC786EF2DA6}.Debug|Any CPU.ActiveCfg = Debug|Any CPU
		{7DECEA80-0C5F-4E3E-9591-8BC786EF2DA6}.Debug|Any CPU.Build.0 = Debug|Any CPU
		{7DECEA80-0C5F-4E3E-9591-8BC786EF2DA6}.Release|Any CPU.ActiveCfg = Release|Any CPU
		{7DECEA80-0C5F-4E3E-9591-8BC786EF2DA6}.Release|Any CPU.Build.0 = Release|Any CPU
		{D5B39415-D924-4FBB-B1BF-7AE2FE2E76A9}.Debug|Any CPU.ActiveCfg = Debug|Any CPU
		{D5B39415-D924-4FBB-B1BF-7AE2FE2E76A9}.Debug|Any CPU.Build.0 = Debug|Any CPU
		{D5B39415-D924-4FBB-B1BF-7AE2FE2E76A9}.Release|Any CPU.ActiveCfg = Release|Any CPU
		{D5B39415-D924-4FBB-B1BF-7AE2FE2E76A9}.Release|Any CPU.Build.0 = Release|Any CPU
		{B7F15BD7-F89C-4E37-B7D7-2B58EA28D985}.Debug|Any CPU.ActiveCfg = Debug|Any CPU
		{B7F15BD7-F89C-4E37-B7D7-2B58EA28D985}.Debug|Any CPU.Build.0 = Debug|Any CPU
		{B7F15BD7-F89C-4E37-B7D7-2B58EA28D985}.Release|Any CPU.ActiveCfg = Release|Any CPU
		{B7F15BD7-F89C-4E37-B7D7-2B58EA28D985}.Release|Any CPU.Build.0 = Release|Any CPU
		{65448B1A-31A9-4D41-B557-10891AA16C49}.Debug|Any CPU.ActiveCfg = Debug|Any CPU
		{65448B1A-31A9-4D41-B557-10891AA16C49}.Debug|Any CPU.Build.0 = Debug|Any CPU
		{65448B1A-31A9-4D41-B557-10891AA16C49}.Release|Any CPU.ActiveCfg = Release|Any CPU
		{65448B1A-31A9-4D41-B557-10891AA16C49}.Release|Any CPU.Build.0 = Release|Any CPU
		{530EA4AC-DE08-42BA-9A14-86888019649A}.Debug|Any CPU.ActiveCfg = Debug|Any CPU
		{530EA4AC-DE08-42BA-9A14-86888019649A}.Debug|Any CPU.Build.0 = Debug|Any CPU
		{530EA4AC-DE08-42BA-9A14-86888019649A}.Release|Any CPU.ActiveCfg = Release|Any CPU
		{530EA4AC-DE08-42BA-9A14-86888019649A}.Release|Any CPU.Build.0 = Release|Any CPU
		{0DCB69EE-4FD1-4086-B868-E041E9BADF6F}.Debug|Any CPU.ActiveCfg = Debug|Any CPU
		{0DCB69EE-4FD1-4086-B868-E041E9BADF6F}.Debug|Any CPU.Build.0 = Debug|Any CPU
		{0DCB69EE-4FD1-4086-B868-E041E9BADF6F}.Release|Any CPU.ActiveCfg = Release|Any CPU
		{0DCB69EE-4FD1-4086-B868-E041E9BADF6F}.Release|Any CPU.Build.0 = Release|Any CPU
		{115FE4FE-3069-4624-880D-9AF605E79F9B}.Debug|Any CPU.ActiveCfg = Debug|Any CPU
		{115FE4FE-3069-4624-880D-9AF605E79F9B}.Debug|Any CPU.Build.0 = Debug|Any CPU
		{115FE4FE-3069-4624-880D-9AF605E79F9B}.Release|Any CPU.ActiveCfg = Release|Any CPU
		{115FE4FE-3069-4624-880D-9AF605E79F9B}.Release|Any CPU.Build.0 = Release|Any CPU
		{9B1AA9B3-C1BF-4636-B2B8-682EFA1B5409}.Debug|Any CPU.ActiveCfg = Debug|Any CPU
		{9B1AA9B3-C1BF-4636-B2B8-682EFA1B5409}.Debug|Any CPU.Build.0 = Debug|Any CPU
		{9B1AA9B3-C1BF-4636-B2B8-682EFA1B5409}.Release|Any CPU.ActiveCfg = Release|Any CPU
		{9B1AA9B3-C1BF-4636-B2B8-682EFA1B5409}.Release|Any CPU.Build.0 = Release|Any CPU
		{9362B37A-FAF7-4BA5-8A0B-A02408943FED}.Debug|Any CPU.ActiveCfg = Debug|Any CPU
		{9362B37A-FAF7-4BA5-8A0B-A02408943FED}.Debug|Any CPU.Build.0 = Debug|Any CPU
		{9362B37A-FAF7-4BA5-8A0B-A02408943FED}.Release|Any CPU.ActiveCfg = Release|Any CPU
		{9362B37A-FAF7-4BA5-8A0B-A02408943FED}.Release|Any CPU.Build.0 = Release|Any CPU
		{6DB4F81C-5916-45EF-921D-00EB10CD0447}.Debug|Any CPU.ActiveCfg = Debug|Any CPU
		{6DB4F81C-5916-45EF-921D-00EB10CD0447}.Debug|Any CPU.Build.0 = Debug|Any CPU
		{6DB4F81C-5916-45EF-921D-00EB10CD0447}.Release|Any CPU.ActiveCfg = Release|Any CPU
		{6DB4F81C-5916-45EF-921D-00EB10CD0447}.Release|Any CPU.Build.0 = Release|Any CPU
		{7763D74C-06D0-413C-9F16-3A0EAC3DDB50}.Debug|Any CPU.ActiveCfg = Debug|Any CPU
		{7763D74C-06D0-413C-9F16-3A0EAC3DDB50}.Debug|Any CPU.Build.0 = Debug|Any CPU
		{7763D74C-06D0-413C-9F16-3A0EAC3DDB50}.Release|Any CPU.ActiveCfg = Release|Any CPU
		{7763D74C-06D0-413C-9F16-3A0EAC3DDB50}.Release|Any CPU.Build.0 = Release|Any CPU
		{3A116DB7-92FF-40D0-8205-5DE492857A7B}.Debug|Any CPU.ActiveCfg = Debug|Any CPU
		{3A116DB7-92FF-40D0-8205-5DE492857A7B}.Debug|Any CPU.Build.0 = Debug|Any CPU
		{3A116DB7-92FF-40D0-8205-5DE492857A7B}.Release|Any CPU.ActiveCfg = Release|Any CPU
		{3A116DB7-92FF-40D0-8205-5DE492857A7B}.Release|Any CPU.Build.0 = Release|Any CPU
		{807DF52C-2D53-444A-B773-5A3A1AC5D779}.Debug|Any CPU.ActiveCfg = Debug|Any CPU
		{807DF52C-2D53-444A-B773-5A3A1AC5D779}.Debug|Any CPU.Build.0 = Debug|Any CPU
		{807DF52C-2D53-444A-B773-5A3A1AC5D779}.Release|Any CPU.ActiveCfg = Release|Any CPU
		{807DF52C-2D53-444A-B773-5A3A1AC5D779}.Release|Any CPU.Build.0 = Release|Any CPU
		{38C0D969-A6E0-4ACB-BECE-3C5A2FC82710}.Debug|Any CPU.ActiveCfg = Debug|Any CPU
		{38C0D969-A6E0-4ACB-BECE-3C5A2FC82710}.Debug|Any CPU.Build.0 = Debug|Any CPU
		{38C0D969-A6E0-4ACB-BECE-3C5A2FC82710}.Release|Any CPU.ActiveCfg = Release|Any CPU
		{38C0D969-A6E0-4ACB-BECE-3C5A2FC82710}.Release|Any CPU.Build.0 = Release|Any CPU
		{CDA2E847-A99F-4233-8A7C-DB55174931C6}.Debug|Any CPU.ActiveCfg = Debug|Any CPU
		{CDA2E847-A99F-4233-8A7C-DB55174931C6}.Debug|Any CPU.Build.0 = Debug|Any CPU
		{CDA2E847-A99F-4233-8A7C-DB55174931C6}.Release|Any CPU.ActiveCfg = Release|Any CPU
		{CDA2E847-A99F-4233-8A7C-DB55174931C6}.Release|Any CPU.Build.0 = Release|Any CPU
		{ABCF037C-E8FC-4456-86C3-E6D35DA7885D}.Debug|Any CPU.ActiveCfg = Debug|Any CPU
		{ABCF037C-E8FC-4456-86C3-E6D35DA7885D}.Debug|Any CPU.Build.0 = Debug|Any CPU
		{ABCF037C-E8FC-4456-86C3-E6D35DA7885D}.Release|Any CPU.ActiveCfg = Release|Any CPU
		{ABCF037C-E8FC-4456-86C3-E6D35DA7885D}.Release|Any CPU.Build.0 = Release|Any CPU
		{929B237F-FAEC-45C6-A23A-BAD32F28D208}.Debug|Any CPU.ActiveCfg = Debug|Any CPU
		{929B237F-FAEC-45C6-A23A-BAD32F28D208}.Debug|Any CPU.Build.0 = Debug|Any CPU
		{929B237F-FAEC-45C6-A23A-BAD32F28D208}.Release|Any CPU.ActiveCfg = Release|Any CPU
		{929B237F-FAEC-45C6-A23A-BAD32F28D208}.Release|Any CPU.Build.0 = Release|Any CPU
		{EBF8FBF5-4D03-4984-8CCC-920E7371A213}.Debug|Any CPU.ActiveCfg = Debug|Any CPU
		{EBF8FBF5-4D03-4984-8CCC-920E7371A213}.Debug|Any CPU.Build.0 = Debug|Any CPU
		{EBF8FBF5-4D03-4984-8CCC-920E7371A213}.Release|Any CPU.ActiveCfg = Release|Any CPU
		{EBF8FBF5-4D03-4984-8CCC-920E7371A213}.Release|Any CPU.Build.0 = Release|Any CPU
		{007FB6CB-1E6C-40F6-A7EA-63085994617F}.Debug|Any CPU.ActiveCfg = Debug|Any CPU
		{007FB6CB-1E6C-40F6-A7EA-63085994617F}.Debug|Any CPU.Build.0 = Debug|Any CPU
		{007FB6CB-1E6C-40F6-A7EA-63085994617F}.Release|Any CPU.ActiveCfg = Release|Any CPU
		{007FB6CB-1E6C-40F6-A7EA-63085994617F}.Release|Any CPU.Build.0 = Release|Any CPU
		{A5C328DE-D5D8-4FAC-965B-33EF9B267320}.Debug|Any CPU.ActiveCfg = Debug|Any CPU
		{A5C328DE-D5D8-4FAC-965B-33EF9B267320}.Debug|Any CPU.Build.0 = Debug|Any CPU
		{A5C328DE-D5D8-4FAC-965B-33EF9B267320}.Release|Any CPU.ActiveCfg = Release|Any CPU
		{A5C328DE-D5D8-4FAC-965B-33EF9B267320}.Release|Any CPU.Build.0 = Release|Any CPU
		{AB7A8CAD-3ABC-4552-9EC7-DB4DCF8DEF68}.Debug|Any CPU.ActiveCfg = Debug|Any CPU
		{AB7A8CAD-3ABC-4552-9EC7-DB4DCF8DEF68}.Debug|Any CPU.Build.0 = Debug|Any CPU
		{AB7A8CAD-3ABC-4552-9EC7-DB4DCF8DEF68}.Release|Any CPU.ActiveCfg = Release|Any CPU
		{AB7A8CAD-3ABC-4552-9EC7-DB4DCF8DEF68}.Release|Any CPU.Build.0 = Release|Any CPU
		{80DAD531-C4B3-408F-A877-6AAECB357AED}.Debug|Any CPU.ActiveCfg = Debug|Any CPU
		{80DAD531-C4B3-408F-A877-6AAECB357AED}.Debug|Any CPU.Build.0 = Debug|Any CPU
		{80DAD531-C4B3-408F-A877-6AAECB357AED}.Release|Any CPU.ActiveCfg = Release|Any CPU
		{80DAD531-C4B3-408F-A877-6AAECB357AED}.Release|Any CPU.Build.0 = Release|Any CPU
		{3AD01247-0A43-4527-997A-BF85A2078D15}.Debug|Any CPU.ActiveCfg = Debug|Any CPU
		{3AD01247-0A43-4527-997A-BF85A2078D15}.Debug|Any CPU.Build.0 = Debug|Any CPU
		{3AD01247-0A43-4527-997A-BF85A2078D15}.Release|Any CPU.ActiveCfg = Release|Any CPU
		{3AD01247-0A43-4527-997A-BF85A2078D15}.Release|Any CPU.Build.0 = Release|Any CPU
		{714D87CA-5E9F-45D7-9ABB-05CB536B5DAC}.Debug|Any CPU.ActiveCfg = Debug|Any CPU
		{714D87CA-5E9F-45D7-9ABB-05CB536B5DAC}.Debug|Any CPU.Build.0 = Debug|Any CPU
		{714D87CA-5E9F-45D7-9ABB-05CB536B5DAC}.Release|Any CPU.ActiveCfg = Release|Any CPU
		{714D87CA-5E9F-45D7-9ABB-05CB536B5DAC}.Release|Any CPU.Build.0 = Release|Any CPU
		{8F6FCAFF-4F0A-48B3-96EA-62987D831515}.Debug|Any CPU.ActiveCfg = Debug|Any CPU
		{8F6FCAFF-4F0A-48B3-96EA-62987D831515}.Debug|Any CPU.Build.0 = Debug|Any CPU
		{8F6FCAFF-4F0A-48B3-96EA-62987D831515}.Release|Any CPU.ActiveCfg = Release|Any CPU
		{8F6FCAFF-4F0A-48B3-96EA-62987D831515}.Release|Any CPU.Build.0 = Release|Any CPU
		{436B9E29-FF0C-492B-870E-A42D1336A008}.Debug|Any CPU.ActiveCfg = Debug|Any CPU
		{436B9E29-FF0C-492B-870E-A42D1336A008}.Debug|Any CPU.Build.0 = Debug|Any CPU
		{436B9E29-FF0C-492B-870E-A42D1336A008}.Release|Any CPU.ActiveCfg = Release|Any CPU
		{436B9E29-FF0C-492B-870E-A42D1336A008}.Release|Any CPU.Build.0 = Release|Any CPU
		{A2E48607-C248-4348-97D8-18070769311C}.Debug|Any CPU.ActiveCfg = Debug|Any CPU
		{A2E48607-C248-4348-97D8-18070769311C}.Debug|Any CPU.Build.0 = Debug|Any CPU
		{A2E48607-C248-4348-97D8-18070769311C}.Release|Any CPU.ActiveCfg = Release|Any CPU
		{A2E48607-C248-4348-97D8-18070769311C}.Release|Any CPU.Build.0 = Release|Any CPU
		{26AD7183-40F3-4CA1-A41B-9B2C9B2A278E}.Debug|Any CPU.ActiveCfg = Debug|Any CPU
		{26AD7183-40F3-4CA1-A41B-9B2C9B2A278E}.Debug|Any CPU.Build.0 = Debug|Any CPU
		{26AD7183-40F3-4CA1-A41B-9B2C9B2A278E}.Release|Any CPU.ActiveCfg = Release|Any CPU
		{26AD7183-40F3-4CA1-A41B-9B2C9B2A278E}.Release|Any CPU.Build.0 = Release|Any CPU
		{79C06394-3FE6-4A57-9E41-CB724662BE7C}.Debug|Any CPU.ActiveCfg = Debug|Any CPU
		{79C06394-3FE6-4A57-9E41-CB724662BE7C}.Debug|Any CPU.Build.0 = Debug|Any CPU
		{79C06394-3FE6-4A57-9E41-CB724662BE7C}.Release|Any CPU.ActiveCfg = Release|Any CPU
		{79C06394-3FE6-4A57-9E41-CB724662BE7C}.Release|Any CPU.Build.0 = Release|Any CPU
		{D580249F-6A44-4539-A2A4-BB32F21B6230}.Debug|Any CPU.ActiveCfg = Debug|Any CPU
		{D580249F-6A44-4539-A2A4-BB32F21B6230}.Debug|Any CPU.Build.0 = Debug|Any CPU
		{D580249F-6A44-4539-A2A4-BB32F21B6230}.Release|Any CPU.ActiveCfg = Release|Any CPU
		{D580249F-6A44-4539-A2A4-BB32F21B6230}.Release|Any CPU.Build.0 = Release|Any CPU
	EndGlobalSection
	GlobalSection(SolutionProperties) = preSolution
		HideSolutionNode = FALSE
	EndGlobalSection
	GlobalSection(ExtensibilityGlobals) = postSolution
		SolutionGuid = {7433A081-4FFD-485B-9C8B-EE9D0329F410}
	EndGlobalSection
	GlobalSection(MonoDevelopProperties) = preSolution
		Policies = $0
		$0.DotNetNamingPolicy = $1
		$1.DirectoryNamespaceAssociation = PrefixedHierarchical
	EndGlobalSection
	GlobalSection(NestedProjects) = preSolution
		{B64E59AC-9C82-486B-B778-341505759448} = {318241F8-B007-4029-9C4B-6EBF05E4090D}
		{42B5DE09-6776-4AC8-BE54-322C1C118E32} = {318241F8-B007-4029-9C4B-6EBF05E4090D}
		{2D24E6A9-72BA-4524-8EB2-E20F84475548} = {318241F8-B007-4029-9C4B-6EBF05E4090D}
		{E97862C0-F1A7-4DB4-BCAA-1B9EB873A175} = {318241F8-B007-4029-9C4B-6EBF05E4090D}
		{E72E7557-DD0B-4A49-A17C-04A8205E13AA} = {318241F8-B007-4029-9C4B-6EBF05E4090D}
		{E808E14D-E878-4047-A0D7-A4F5A1C945C0} = {318241F8-B007-4029-9C4B-6EBF05E4090D}
		{9B6EBE84-1E22-4011-AE1C-8FBE4B6D7F7A} = {318241F8-B007-4029-9C4B-6EBF05E4090D}
		{ACBD33F5-1EC6-4123-86D9-CF5470AB47F7} = {318241F8-B007-4029-9C4B-6EBF05E4090D}
		{52ADE701-2197-43D7-BAEC-1928CE6E72F8} = {318241F8-B007-4029-9C4B-6EBF05E4090D}
		{769882B1-2FD7-4E7A-A64E-2CF9D0636C0E} = {54F1F058-1250-45D4-8210-C212AA53CAF3}
		{FF71AA23-03A9-46EA-8C20-46CBF1504F6B} = {54F1F058-1250-45D4-8210-C212AA53CAF3}
		{E0E88809-2C1C-4CDB-B7AE-7F414ABBAB6A} = {54F1F058-1250-45D4-8210-C212AA53CAF3}
		{FCB844D5-8D4D-4116-8D25-91AC9CA47C1C} = {54F1F058-1250-45D4-8210-C212AA53CAF3}
		{CFB33B3B-6428-4026-AE5B-20C1A23FFDE5} = {54F1F058-1250-45D4-8210-C212AA53CAF3}
		{0D3DEA2D-8CD9-4767-9B59-25188092EB9E} = {54F1F058-1250-45D4-8210-C212AA53CAF3}
		{28254A9E-8789-4637-B044-CF3E2F4B0E58} = {54F1F058-1250-45D4-8210-C212AA53CAF3}
		{DB73AA22-854E-4446-99AD-B0801612F892} = {54F1F058-1250-45D4-8210-C212AA53CAF3}
		{78BF3F15-47E5-4844-8D14-DAA65F038311} = {F5C63E3D-D1B5-4E29-8664-39F15D263125}
		{2326945B-5B94-428F-A2B8-F565B7B6713A} = {F5C63E3D-D1B5-4E29-8664-39F15D263125}
		{8FE679FF-19C0-4AAC-81E9-941FC57099F0} = {F5C63E3D-D1B5-4E29-8664-39F15D263125}
		{F2852D31-E9FC-4F95-A209-0A9A13B1B9D4} = {F5C63E3D-D1B5-4E29-8664-39F15D263125}
		{437C367B-68A0-4C99-BE36-2F5A186F58D2} = {F5C63E3D-D1B5-4E29-8664-39F15D263125}
		{113D74A2-0754-4E24-B512-35DCF668B9B1} = {F5C63E3D-D1B5-4E29-8664-39F15D263125}
		{997669CF-F210-4EAE-82E0-739E4F9F9D0D} = {F5C63E3D-D1B5-4E29-8664-39F15D263125}
		{6B84B180-EB4C-4A76-848B-F7A0AF0138B9} = {F5C63E3D-D1B5-4E29-8664-39F15D263125}
		{CB7A16BC-91FB-4865-AA92-74A51006002E} = {F5C63E3D-D1B5-4E29-8664-39F15D263125}
		{C343A3D2-EE12-46BC-B7D5-5BB833A4A13A} = {F5C63E3D-D1B5-4E29-8664-39F15D263125}
		{834ED4B7-90DD-4283-899D-C1526F2DA6F4} = {F5C63E3D-D1B5-4E29-8664-39F15D263125}
		{48C3692B-AF77-4DA4-A267-6DF550A3E9EC} = {F5C63E3D-D1B5-4E29-8664-39F15D263125}
		{F8EF5C03-9F6C-41A7-8AB1-F78720CCFFE8} = {F5C63E3D-D1B5-4E29-8664-39F15D263125}
		{3E6FE83A-26BB-41D7-A3DA-F06793F4592B} = {127CC3E1-29DE-4033-BA2F-4FAFBA54B100}
		{A86605BF-15FE-4AFE-B7E8-B781CFC98E62} = {127CC3E1-29DE-4033-BA2F-4FAFBA54B100}
		{319054B5-0C2F-449A-AB5B-371BBBEFF36F} = {127CC3E1-29DE-4033-BA2F-4FAFBA54B100}
		{AD26E79E-0010-4E8E-9844-7BBC2857BAF4} = {127CC3E1-29DE-4033-BA2F-4FAFBA54B100}
		{01DC62D4-B17D-4D6B-B02E-664748891B41} = {127CC3E1-29DE-4033-BA2F-4FAFBA54B100}
		{0B3EEB2F-F312-4BC6-8D9C-C60C3C29242A} = {127CC3E1-29DE-4033-BA2F-4FAFBA54B100}
		{385CB748-6641-4F35-B1A6-D6D3F22AA04C} = {127CC3E1-29DE-4033-BA2F-4FAFBA54B100}
		{6F1CD59E-127A-4CC8-831C-FAC76934ACA0} = {127CC3E1-29DE-4033-BA2F-4FAFBA54B100}
		{EE2BECE6-744C-46EB-88B8-8175F5D234EE} = {127CC3E1-29DE-4033-BA2F-4FAFBA54B100}
		{43F66ED0-BDC5-40A6-A03C-85425221A9F6} = {127CC3E1-29DE-4033-BA2F-4FAFBA54B100}
		{26481C45-EF40-4C86-A191-C18EC15AB573} = {127CC3E1-29DE-4033-BA2F-4FAFBA54B100}
		{B8001D6B-4F4B-431C-AEAC-9BAE4F57E96A} = {127CC3E1-29DE-4033-BA2F-4FAFBA54B100}
		{CCF8CDBD-3B55-41D6-8AB6-795961EF7B3D} = {127CC3E1-29DE-4033-BA2F-4FAFBA54B100}
		{7CFAB310-2C83-4520-A240-DAB3A72E7C1D} = {127CC3E1-29DE-4033-BA2F-4FAFBA54B100}
		{C42051B1-AA0C-440D-954F-5232BF5BACE7} = {127CC3E1-29DE-4033-BA2F-4FAFBA54B100}
		{6BFDA833-669F-408F-9072-AA0C0A213C6B} = {127CC3E1-29DE-4033-BA2F-4FAFBA54B100}
		{6F552B7D-0F29-4587-A36D-69740B5745F9} = {127CC3E1-29DE-4033-BA2F-4FAFBA54B100}
		{8DADB5B3-BC59-4B1A-A614-43571722B310} = {127CC3E1-29DE-4033-BA2F-4FAFBA54B100}
		{7144DD68-191F-44DA-A0DC-181D49B6CB5D} = {127CC3E1-29DE-4033-BA2F-4FAFBA54B100}
		{D11438B9-AEAA-49D6-9A76-B5FE3DD4C5D2} = {127CC3E1-29DE-4033-BA2F-4FAFBA54B100}
		{DCFEB5E3-9EC1-4681-AD38-BAB0894749CF} = {127CC3E1-29DE-4033-BA2F-4FAFBA54B100}
		{4202C0C5-BFAE-4703-948B-15A33E5B24B4} = {9A4DAF7F-7CFD-457B-A91F-DDE4B1996763}
		{9A0484E1-F87D-4043-83F6-B902FAD0519B} = {9A4DAF7F-7CFD-457B-A91F-DDE4B1996763}
		{4F834BC0-5B0B-4CBD-BA73-C423F225E7C3} = {D92DC171-5DA3-4BAD-8AD7-2F4D9359DB5F}
		{529DD616-1ED4-4972-9A29-11E0FF9E821D} = {D92DC171-5DA3-4BAD-8AD7-2F4D9359DB5F}
		{A4D075D9-134B-431E-9FAC-57377BB09715} = {80F5D47B-DEED-4589-B55D-54BCD9417D02}
		{5F21CA32-FDA1-499F-A111-DC1D3C7FBE93} = {80F5D47B-DEED-4589-B55D-54BCD9417D02}
		{39FD70BB-FE6D-4CDF-A897-E20B718D7487} = {80F5D47B-DEED-4589-B55D-54BCD9417D02}
		{7E2472E2-AA38-45A4-B8A1-CB8492DAB84C} = {80F5D47B-DEED-4589-B55D-54BCD9417D02}
		{6E66560C-3C1B-4FAD-9329-A77E018A106E} = {80F5D47B-DEED-4589-B55D-54BCD9417D02}
		{6EDC2887-D9F1-4025-BDE1-6719E2DC290A} = {80F5D47B-DEED-4589-B55D-54BCD9417D02}
		{12F49FC0-36A6-41C1-B0A5-9F8E7761F3AB} = {0D146723-BF84-447D-AC91-665F89F13828}
		{E6BF4479-5F74-418B-8183-4633F2238AE0} = {0D146723-BF84-447D-AC91-665F89F13828}
		{B468DE4D-0AFF-4127-B462-FB914313CD1A} = {0D146723-BF84-447D-AC91-665F89F13828}
		{BA8E1016-2440-4842-8F54-04A7C7320250} = {0D146723-BF84-447D-AC91-665F89F13828}
		{CEB67499-5032-4872-ABC5-DB04EFAC5DB9} = {0D146723-BF84-447D-AC91-665F89F13828}
		{AC7002E8-1566-45BC-BB81-0F3C328D907E} = {47262BD2-3CB8-4B37-8CAB-794181CBE55D}
		{75666AB2-EFA5-4D2A-B79C-540614C5286D} = {EA99AE79-90B5-4EDF-A292-EE70194671E6}
		{D28EDD9E-168F-4B17-80CA-49CD86171524} = {1DF70CD3-976E-4A8D-89D7-94714A927C16}
		{62982878-7D85-4332-95E8-2EE074248885} = {7A1E58A3-D67D-409C-8103-CC36FD9393BB}
		{706BF189-5AA3-4808-B9EB-A32969812AD3} = {7A1E58A3-D67D-409C-8103-CC36FD9393BB}
		{1B104935-CD60-4A93-8F60-DEFDFA269EFA} = {EA99AE79-90B5-4EDF-A292-EE70194671E6}
		{C36EB00D-DBFE-4FBA-9618-CF9117E806C5} = {8DA7C898-20E3-4284-9317-164A0106F98F}
		{97917C40-A8AC-4376-A499-C1EABF76B116} = {CF315382-534A-4E44-B51B-37E785C00BC6}
		{7F7D04F7-4E38-491E-918D-63E23C8EB896} = {CF315382-534A-4E44-B51B-37E785C00BC6}
		{46604B8D-3BDA-4C48-BF87-373BBB27A832} = {8DA7C898-20E3-4284-9317-164A0106F98F}
		{88598125-5CBF-463C-896F-4A91AC907D12} = {8DA7C898-20E3-4284-9317-164A0106F98F}
		{B8255CB1-8AFE-4E43-B079-20C08EC5B58C} = {8DA7C898-20E3-4284-9317-164A0106F98F}
		{AB30330E-169A-42EC-BB9D-09852B640E59} = {8DA7C898-20E3-4284-9317-164A0106F98F}
		{3B7E671E-94E4-4CAB-9800-C767526296C7} = {8DA7C898-20E3-4284-9317-164A0106F98F}
		{5F6B8C40-CB59-4525-A4CB-00031730FD64} = {CF315382-534A-4E44-B51B-37E785C00BC6}
		{4F85DC8D-5FC4-4C19-9BC9-EFF156CB10AC} = {CF315382-534A-4E44-B51B-37E785C00BC6}
		{39046D23-D6AD-4B59-844D-90E09AF6F405} = {CF315382-534A-4E44-B51B-37E785C00BC6}
		{7E99A33E-DFBF-4CD7-8D5D-E7865BB26DC9} = {47EACAF8-2765-4AB3-AF1F-29C7FC05DA7F}
		{8771E2DD-1482-46C9-9ECF-57D36F12D638} = {47EACAF8-2765-4AB3-AF1F-29C7FC05DA7F}
		{B5F34CB5-844B-428F-A6FF-014E860C1242} = {47EACAF8-2765-4AB3-AF1F-29C7FC05DA7F}
		{F0755254-5D20-4F55-AFF2-CB3C3E57B898} = {47EACAF8-2765-4AB3-AF1F-29C7FC05DA7F}
		{8D222281-5ECE-4E2C-9F46-3201B636162F} = {47EACAF8-2765-4AB3-AF1F-29C7FC05DA7F}
		{7DECEA80-0C5F-4E3E-9591-8BC786EF2DA6} = {47EACAF8-2765-4AB3-AF1F-29C7FC05DA7F}
		{D5B39415-D924-4FBB-B1BF-7AE2FE2E76A9} = {47EACAF8-2765-4AB3-AF1F-29C7FC05DA7F}
		{B7F15BD7-F89C-4E37-B7D7-2B58EA28D985} = {47EACAF8-2765-4AB3-AF1F-29C7FC05DA7F}
		{65448B1A-31A9-4D41-B557-10891AA16C49} = {47EACAF8-2765-4AB3-AF1F-29C7FC05DA7F}
		{530EA4AC-DE08-42BA-9A14-86888019649A} = {47EACAF8-2765-4AB3-AF1F-29C7FC05DA7F}
		{0DCB69EE-4FD1-4086-B868-E041E9BADF6F} = {47EACAF8-2765-4AB3-AF1F-29C7FC05DA7F}
		{115FE4FE-3069-4624-880D-9AF605E79F9B} = {47EACAF8-2765-4AB3-AF1F-29C7FC05DA7F}
		{9B1AA9B3-C1BF-4636-B2B8-682EFA1B5409} = {47EACAF8-2765-4AB3-AF1F-29C7FC05DA7F}
		{9362B37A-FAF7-4BA5-8A0B-A02408943FED} = {47EACAF8-2765-4AB3-AF1F-29C7FC05DA7F}
		{6DB4F81C-5916-45EF-921D-00EB10CD0447} = {47EACAF8-2765-4AB3-AF1F-29C7FC05DA7F}
		{7763D74C-06D0-413C-9F16-3A0EAC3DDB50} = {47EACAF8-2765-4AB3-AF1F-29C7FC05DA7F}
		{3A116DB7-92FF-40D0-8205-5DE492857A7B} = {26CC492B-74E8-4E24-9B4F-C6D82C4B47A8}
		{807DF52C-2D53-444A-B773-5A3A1AC5D779} = {26CC492B-74E8-4E24-9B4F-C6D82C4B47A8}
		{38C0D969-A6E0-4ACB-BECE-3C5A2FC82710} = {26CC492B-74E8-4E24-9B4F-C6D82C4B47A8}
		{CDA2E847-A99F-4233-8A7C-DB55174931C6} = {26CC492B-74E8-4E24-9B4F-C6D82C4B47A8}
		{ABCF037C-E8FC-4456-86C3-E6D35DA7885D} = {85BA7A5C-AAD5-4066-8063-3559BE57B947}
		{929B237F-FAEC-45C6-A23A-BAD32F28D208} = {85BA7A5C-AAD5-4066-8063-3559BE57B947}
		{EBF8FBF5-4D03-4984-8CCC-920E7371A213} = {85BA7A5C-AAD5-4066-8063-3559BE57B947}
		{007FB6CB-1E6C-40F6-A7EA-63085994617F} = {85BA7A5C-AAD5-4066-8063-3559BE57B947}
		{A5C328DE-D5D8-4FAC-965B-33EF9B267320} = {681BEA02-941D-4A98-AAC6-661090F00A1A}
		{AB7A8CAD-3ABC-4552-9EC7-DB4DCF8DEF68} = {681BEA02-941D-4A98-AAC6-661090F00A1A}
		{80DAD531-C4B3-408F-A877-6AAECB357AED} = {681BEA02-941D-4A98-AAC6-661090F00A1A}
		{3AD01247-0A43-4527-997A-BF85A2078D15} = {681BEA02-941D-4A98-AAC6-661090F00A1A}
		{714D87CA-5E9F-45D7-9ABB-05CB536B5DAC} = {681BEA02-941D-4A98-AAC6-661090F00A1A}
		{8F6FCAFF-4F0A-48B3-96EA-62987D831515} = {681BEA02-941D-4A98-AAC6-661090F00A1A}
		{436B9E29-FF0C-492B-870E-A42D1336A008} = {F4F2916A-2A5F-4854-806C-EC14E59FCF4C}
		{A2E48607-C248-4348-97D8-18070769311C} = {F4F2916A-2A5F-4854-806C-EC14E59FCF4C}
		{26AD7183-40F3-4CA1-A41B-9B2C9B2A278E} = {F4F2916A-2A5F-4854-806C-EC14E59FCF4C}
		{79C06394-3FE6-4A57-9E41-CB724662BE7C} = {F4F2916A-2A5F-4854-806C-EC14E59FCF4C}
		{D580249F-6A44-4539-A2A4-BB32F21B6230} = {F4F2916A-2A5F-4854-806C-EC14E59FCF4C}
	EndGlobalSection
EndGlobal
